<?xml version="1.0" encoding="utf-8"?>
<Project ToolsVersion="4.0" xmlns="http://schemas.microsoft.com/developer/msbuild/2003">
  <ItemGroup>
    <ClCompile Include="..\..\nd_net\src\udt_srv.c">
      <Filter>Source Files</Filter>
    </ClCompile>
    <ClCompile Include="..\..\nd_common\src\bintree.c">
      <Filter>Source Files</Filter>
    </ClCompile>
    <ClCompile Include="..\..\nd_common\src\callstack.c">
      <Filter>Source Files</Filter>
    </ClCompile>
    <ClCompile Include="..\..\nd_common\src\common.c">
      <Filter>Source Files</Filter>
    </ClCompile>
    <ClCompile Include="..\..\nd_crypt\rsa\desc.c">
      <Filter>Source Files</Filter>
    </ClCompile>
    <ClCompile Include="..\..\nd_crypt\rsa\digit.c">
      <Filter>Source Files</Filter>
    </ClCompile>
    <ClCompile Include="..\..\nd_net\src\ipraw.c">
      <Filter>Source Files</Filter>
    </ClCompile>
    <ClCompile Include="..\..\nd_crypt\rsa\md2c.c">
      <Filter>Source Files</Filter>
    </ClCompile>
    <ClCompile Include="..\..\nd_crypt\rsa\md5c.c">
      <Filter>Source Files</Filter>
    </ClCompile>
    <ClCompile Include="..\..\nd_common\src\nd_handle.c">
      <Filter>Source Files</Filter>
    </ClCompile>
    <ClCompile Include="..\..\nd_common\src\nd_mempool.c">
      <Filter>Source Files</Filter>
    </ClCompile>
    <ClCompile Include="..\..\nd_net\src\nd_msgentry.c">
      <Filter>Source Files</Filter>
    </ClCompile>
    <ClCompile Include="..\..\nd_net\src\nd_net.c">
      <Filter>Source Files</Filter>
    </ClCompile>
    <ClCompile Include="..\..\nd_net\src\nd_netobj.c">
      <Filter>Source Files</Filter>
    </ClCompile>
    <ClCompile Include="..\..\nd_net\src\nd_netui.c">
      <Filter>Source Files</Filter>
    </ClCompile>
    <ClCompile Include="..\..\nd_net\src\nd_socket.c">
      <Filter>Source Files</Filter>
    </ClCompile>
    <ClCompile Include="..\..\nd_common\src\nd_static_alloc.c">
      <Filter>Source Files</Filter>
    </ClCompile>
    <ClCompile Include="..\..\nd_common\src\nd_str.c">
      <Filter>Source Files</Filter>
    </ClCompile>
    <ClCompile Include="..\..\nd_net\src\nd_tcp.c">
      <Filter>Source Files</Filter>
    </ClCompile>
    <ClCompile Include="..\..\nd_common\src\nd_timer.c">
      <Filter>Source Files</Filter>
    </ClCompile>
    <ClCompile Include="..\..\nd_common\src\nd_trace.c">
      <Filter>Source Files</Filter>
    </ClCompile>
    <ClCompile Include="..\..\nd_net\src\nd_udp.c">
      <Filter>Source Files</Filter>
    </ClCompile>
    <ClCompile Include="..\..\nd_common\src\nd_unix.c">
      <Filter>Source Files</Filter>
    </ClCompile>
    <ClCompile Include="..\..\nd_common\src\nd_win.c">
      <Filter>Source Files</Filter>
    </ClCompile>
    <ClCompile Include="..\..\nd_common\src\nd_xml.c">
      <Filter>Source Files</Filter>
    </ClCompile>
    <ClCompile Include="..\..\nd_crypt\src\ndcrypt.c">
      <Filter>Source Files</Filter>
    </ClCompile>
    <ClCompile Include="..\..\nd_crypt\src\ndrsa.c">
      <Filter>Source Files</Filter>
    </ClCompile>
    <ClCompile Include="..\..\nd_net\src\net_srv.c">
      <Filter>Source Files</Filter>
    </ClCompile>
    <ClCompile Include="..\..\nd_crypt\rsa\nn.c">
      <Filter>Source Files</Filter>
    </ClCompile>
    <ClCompile Include="..\..\nd_common\src\node_mgr.c">
      <Filter>Source Files</Filter>
    </ClCompile>
    <ClCompile Include="..\..\nd_crypt\rsa\prime.c">
      <Filter>Source Files</Filter>
    </ClCompile>
    <ClCompile Include="..\..\nd_net\src\proxy_cli.c">
      <Filter>Source Files</Filter>
    </ClCompile>
    <ClCompile Include="..\..\nd_crypt\rsa\r_dh.c">
      <Filter>Source Files</Filter>
    </ClCompile>
    <ClCompile Include="..\..\nd_crypt\rsa\r_encode.c">
      <Filter>Source Files</Filter>
    </ClCompile>
    <ClCompile Include="..\..\nd_crypt\rsa\r_enhanc.c">
      <Filter>Source Files</Filter>
    </ClCompile>
    <ClCompile Include="..\..\nd_crypt\rsa\r_keygen.c">
      <Filter>Source Files</Filter>
    </ClCompile>
    <ClCompile Include="..\..\nd_crypt\rsa\r_random.c">
      <Filter>Source Files</Filter>
    </ClCompile>
    <ClCompile Include="..\..\nd_crypt\rsa\r_stdlib.c">
      <Filter>Source Files</Filter>
    </ClCompile>
    <ClCompile Include="..\..\nd_common\src\recbuf.c">
      <Filter>Source Files</Filter>
    </ClCompile>
    <ClCompile Include="..\..\nd_crypt\rsa\rsa.c">
      <Filter>Source Files</Filter>
    </ClCompile>
    <ClCompile Include="..\..\nd_common\src\source_log.c">
      <Filter>Source Files</Filter>
    </ClCompile>
    <ClCompile Include="..\..\nd_crypt\src\tea.c">
      <Filter>Source Files</Filter>
    </ClCompile>
    <ClCompile Include="..\..\nd_net\src\udt_icmp.c">
      <Filter>Source Files</Filter>
    </ClCompile>
    <ClCompile Include="..\..\nd_net\src\udt_net.c">
      <Filter>Source Files</Filter>
    </ClCompile>
    <ClCompile Include="..\..\nd_net\src\udt_socket.c">
      <Filter>Source Files</Filter>
    </ClCompile>
    <ClCompile Include="..\..\nd_common\src\nd_mutex.c">
      <Filter>Source Files</Filter>
    </ClCompile>
    <ClCompile Include="..\..\nd_crypt\src\nd_pubkey.c">
      <Filter>Source Files</Filter>
    </ClCompile>
  </ItemGroup>
  <ItemGroup>
    <Filter Include="Header Files">
      <UniqueIdentifier>{c8dd3a16-0bd4-477d-b121-13d451f24e57}</UniqueIdentifier>
    </Filter>
    <Filter Include="Source Files">
      <UniqueIdentifier>{4710f679-a683-485f-98cc-c4bb8854e05a}</UniqueIdentifier>
    </Filter>
  </ItemGroup>
  <ItemGroup>
    <None Include="ReadMe.txt">
      <Filter>Source Files</Filter>
    </None>
  </ItemGroup>
</Project>