<?xml version="1.0" encoding="utf-8"?>
<Project ToolsVersion="4.0" xmlns="http://schemas.microsoft.com/developer/msbuild/2003">
  <ItemGroup>
    <Filter Include="Source Files">
      <UniqueIdentifier>{4FC737F1-C7A5-4376-A066-2A32D752A2FF}</UniqueIdentifier>
      <Extensions>cpp;c;cc;cxx;def;odl;idl;hpj;bat;asm;asmx</Extensions>
    </Filter>
    <Filter Include="Header Files">
      <UniqueIdentifier>{93995380-89BD-4b04-88EB-625FBE52EBFB}</UniqueIdentifier>
      <Extensions>h;hh;hpp;hxx;hm;inl;inc;xsd</Extensions>
    </Filter>
    <Filter Include="Resource Files">
      <UniqueIdentifier>{67DA6AB6-F800-4c08-8B7A-83BB121AAD01}</UniqueIdentifier>
      <Extensions>rc;ico;cur;bmp;dlg;rc2;rct;bin;rgs;gif;jpg;jpeg;jpe;resx;tiff;tif;png;wav;mfcribbon-ms</Extensions>
    </Filter>
    <Filter Include="include">
      <UniqueIdentifier>{038522d5-eba9-4ac0-aa72-b361dee5270a}</UniqueIdentifier>
    </Filter>
    <Filter Include="include\common">
      <UniqueIdentifier>{50a1e2e7-83ad-4b2f-98ab-b012d9067913}</UniqueIdentifier>
    </Filter>
    <Filter Include="include\nd_net">
      <UniqueIdentifier>{2f56c4e9-4aa2-4cab-b788-070eef941406}</UniqueIdentifier>
    </Filter>
    <Filter Include="include\nd_crypt">
      <UniqueIdentifier>{046402f2-27dd-4566-bdc3-727c18b76470}</UniqueIdentifier>
    </Filter>
    <Filter Include="src">
      <UniqueIdentifier>{4692b10c-5a0c-4054-b9fa-fe84c9bf60d9}</UniqueIdentifier>
    </Filter>
    <Filter Include="src\common">
      <UniqueIdentifier>{8de85a4d-fb27-4d6c-af67-a94149eeac21}</UniqueIdentifier>
    </Filter>
    <Filter Include="src\nd_crypt">
      <UniqueIdentifier>{04cb12e9-bcdc-46d3-af24-2b16701dbc1a}</UniqueIdentifier>
    </Filter>
    <Filter Include="src\nd_net">
      <UniqueIdentifier>{2a2d9989-ab03-4afa-b2dd-2a16432373b5}</UniqueIdentifier>
    </Filter>
    <Filter Include="src\nd_vm">
      <UniqueIdentifier>{e0377736-b664-459f-b60a-b05b031d0dc3}</UniqueIdentifier>
    </Filter>
    <Filter Include="src\nd_cli">
      <UniqueIdentifier>{2f0f10e7-5387-4922-84dd-3022d8726f59}</UniqueIdentifier>
    </Filter>
    <Filter Include="src\ndapplib">
      <UniqueIdentifier>{34884302-e6ea-40e9-896f-1c9a2feeb24a}</UniqueIdentifier>
    </Filter>
    <Filter Include="include\ndapplib">
      <UniqueIdentifier>{c9968da3-2fc3-43a3-9652-560f4c89d4af}</UniqueIdentifier>
    </Filter>
  </ItemGroup>
  <ItemGroup>
    <Text Include="ReadMe.txt" />
  </ItemGroup>
  <ItemGroup>
    <ClInclude Include="..\..\..\include\ndcli\nd_iconn.h">
      <Filter>include</Filter>
    </ClInclude>
    <ClInclude Include="..\..\..\include\nd_common\list.h">
      <Filter>include\common</Filter>
    </ClInclude>
    <ClInclude Include="..\..\..\include\nd_common\nddir.h">
      <Filter>include\common</Filter>
    </ClInclude>
    <ClInclude Include="..\..\..\include\nd_common\nd_alloc.h">
      <Filter>include\common</Filter>
    </ClInclude>
    <ClInclude Include="..\..\..\include\nd_common\nd_atomic.h">
      <Filter>include\common</Filter>
    </ClInclude>
    <ClInclude Include="..\..\..\include\nd_common\nd_bintree.h">
      <Filter>include\common</Filter>
    </ClInclude>
    <ClInclude Include="..\..\..\include\nd_common\nd_cmdline.h">
      <Filter>include\common</Filter>
    </ClInclude>
    <ClInclude Include="..\..\..\include\nd_common\nd_comcfg.h">
      <Filter>include\common</Filter>
    </ClInclude>
    <ClInclude Include="..\..\..\include\nd_common\nd_common.h">
      <Filter>include\common</Filter>
    </ClInclude>
    <ClInclude Include="..\..\..\include\nd_common\nd_define.h">
      <Filter>include\common</Filter>
    </ClInclude>
    <ClInclude Include="..\..\..\include\nd_common\nd_handle.h">
      <Filter>include\common</Filter>
    </ClInclude>
    <ClInclude Include="..\..\..\include\nd_common\nd_iconv.h">
      <Filter>include\common</Filter>
    </ClInclude>
    <ClInclude Include="..\..\..\include\nd_common\nd_mempool.h">
      <Filter>include\common</Filter>
    </ClInclude>
    <ClInclude Include="..\..\..\include\nd_common\nd_node_mgr.h">
      <Filter>include\common</Filter>
    </ClInclude>
    <ClInclude Include="..\..\..\include\nd_common\nd_os.h">
      <Filter>include\common</Filter>
    </ClInclude>
    <ClInclude Include="..\..\..\include\nd_common\nd_recbuf.h">
      <Filter>include\common</Filter>
    </ClInclude>
    <ClInclude Include="..\..\..\include\nd_common\nd_static_alloc.h">
      <Filter>include\common</Filter>
    </ClInclude>
    <ClInclude Include="..\..\..\include\nd_common\nd_str.h">
      <Filter>include\common</Filter>
    </ClInclude>
    <ClInclude Include="..\..\..\include\nd_common\nd_timer.h">
      <Filter>include\common</Filter>
    </ClInclude>
    <ClInclude Include="..\..\..\include\nd_common\nd_unix.h">
      <Filter>include\common</Filter>
    </ClInclude>
    <ClInclude Include="..\..\..\include\nd_common\nd_win.h">
      <Filter>include\common</Filter>
    </ClInclude>
    <ClInclude Include="..\..\..\include\nd_common\nd_xml.h">
      <Filter>include\common</Filter>
    </ClInclude>
    <ClInclude Include="..\..\..\include\nd_common\_nderr.h">
      <Filter>include\common</Filter>
    </ClInclude>
    <ClInclude Include="..\..\..\include\nd_net\byte_order.h">
      <Filter>include\nd_net</Filter>
    </ClInclude>
    <ClInclude Include="..\..\..\include\nd_net\nd_iphdr.h">
      <Filter>include\nd_net</Filter>
    </ClInclude>
    <ClInclude Include="..\..\..\include\nd_net\nd_msgentry.h">
      <Filter>include\nd_net</Filter>
    </ClInclude>
    <ClInclude Include="..\..\..\include\nd_net\nd_netcrypt.h">
      <Filter>include\nd_net</Filter>
    </ClInclude>
    <ClInclude Include="..\..\..\include\nd_net\nd_netioctl.h">
      <Filter>include\nd_net</Filter>
    </ClInclude>
    <ClInclude Include="..\..\..\include\nd_net\nd_netlib.h">
      <Filter>include\nd_net</Filter>
    </ClInclude>
    <ClInclude Include="..\..\..\include\nd_net\nd_netobj.h">
      <Filter>include\nd_net</Filter>
    </ClInclude>
    <ClInclude Include="..\..\..\include\nd_net\nd_netpack.h">
      <Filter>include\nd_net</Filter>
    </ClInclude>
    <ClInclude Include="..\..\..\include\nd_net\nd_netui.h">
      <Filter>include\nd_net</Filter>
    </ClInclude>
    <ClInclude Include="..\..\..\include\nd_net\nd_sock.h">
      <Filter>include\nd_net</Filter>
    </ClInclude>
    <ClInclude Include="..\..\..\include\nd_net\nd_srv.h">
      <Filter>include\nd_net</Filter>
    </ClInclude>
    <ClInclude Include="..\..\..\include\nd_net\nd_tcp.h">
      <Filter>include\nd_net</Filter>
    </ClInclude>
    <ClInclude Include="..\..\..\include\nd_net\nd_udp.h">
      <Filter>include\nd_net</Filter>
    </ClInclude>
    <ClInclude Include="..\..\..\include\nd_net\nd_udt.h">
      <Filter>include\nd_net</Filter>
    </ClInclude>
    <ClInclude Include="..\..\..\include\nd_net\nd_udthdr.h">
      <Filter>include\nd_net</Filter>
    </ClInclude>
    <ClInclude Include="..\..\..\include\nd_crypt\nd_crypt.h">
      <Filter>include\nd_crypt</Filter>
    </ClInclude>
    <ClInclude Include="..\..\..\include\nd_crypt\nd_cryptfile.h">
      <Filter>include\nd_crypt</Filter>
    </ClInclude>
    <ClInclude Include="..\..\..\include\nd_crypt\nd_pubkey.h">
      <Filter>include\nd_crypt</Filter>
    </ClInclude>
    <ClInclude Include="..\..\..\include\nd_crypt\tea.h">
      <Filter>include\nd_crypt</Filter>
    </ClInclude>
    <ClInclude Include="..\..\..\include\nd_common\nd_time.h">
      <Filter>include\common</Filter>
    </ClInclude>
    <ClInclude Include="..\..\..\include\nd_common\_source_trace.h">
      <Filter>include\common</Filter>
    </ClInclude>
    <ClInclude Include="..\..\..\include\nd_common\nd_logger.h">
      <Filter>include\common</Filter>
    </ClInclude>
    <ClInclude Include="..\..\..\include\ndapplib\nd_msgpacket.h">
      <Filter>include\ndapplib</Filter>
    </ClInclude>
    <ClInclude Include="..\..\..\include\ndapplib\nd_vartype.h">
      <Filter>include\ndapplib</Filter>
    </ClInclude>
    <ClInclude Include="..\..\..\include\ndlib.h">
      <Filter>include\ndapplib</Filter>
    </ClInclude>
    <ClInclude Include="..\..\..\include\ndapplib\nd_protoStream.h">
      <Filter>include\ndapplib</Filter>
    </ClInclude>
    <ClInclude Include="..\..\..\include\ndapplib\httpParser.h">
      <Filter>include\ndapplib</Filter>
    </ClInclude>
  </ItemGroup>
  <ItemGroup>
    <ClCompile Include="..\..\..\src\nd_common\src\bintree.c">
      <Filter>src\common</Filter>
    </ClCompile>
    <ClCompile Include="..\..\..\src\nd_common\src\callstack.c">
      <Filter>src\common</Filter>
    </ClCompile>
    <ClCompile Include="..\..\..\src\nd_common\src\common.c">
      <Filter>src\common</Filter>
    </ClCompile>
    <ClCompile Include="..\..\..\src\nd_common\src\nddir.c">
      <Filter>src\common</Filter>
    </ClCompile>
    <ClCompile Include="..\..\..\src\nd_common\src\nd_cmdline.c">
      <Filter>src\common</Filter>
    </ClCompile>
    <ClCompile Include="..\..\..\src\nd_common\src\nd_handle.c">
      <Filter>src\common</Filter>
    </ClCompile>
    <ClCompile Include="..\..\..\src\nd_common\src\nd_iconv.c">
      <Filter>src\common</Filter>
    </ClCompile>
    <ClCompile Include="..\..\..\src\nd_common\src\nd_mempool.c">
      <Filter>src\common</Filter>
    </ClCompile>
    <ClCompile Include="..\..\..\src\nd_common\src\nd_mutex.c">
      <Filter>src\common</Filter>
    </ClCompile>
    <ClCompile Include="..\..\..\src\nd_common\src\nd_static_alloc.c">
      <Filter>src\common</Filter>
    </ClCompile>
    <ClCompile Include="..\..\..\src\nd_common\src\nd_str.c">
      <Filter>src\common</Filter>
    </ClCompile>
    <ClCompile Include="..\..\..\src\nd_common\src\nd_timer.c">
      <Filter>src\common</Filter>
    </ClCompile>
    <ClCompile Include="..\..\..\src\nd_common\src\nd_trace.c">
      <Filter>src\common</Filter>
    </ClCompile>
    <ClCompile Include="..\..\..\src\nd_common\src\nd_unix.c">
      <Filter>src\common</Filter>
    </ClCompile>
    <ClCompile Include="..\..\..\src\nd_common\src\nd_win.c">
      <Filter>src\common</Filter>
    </ClCompile>
    <ClCompile Include="..\..\..\src\nd_common\src\nd_xml.c">
      <Filter>src\common</Filter>
    </ClCompile>
    <ClCompile Include="..\..\..\src\nd_common\src\node_mgr.c">
      <Filter>src\common</Filter>
    </ClCompile>
    <ClCompile Include="..\..\..\src\nd_common\src\recbuf.c">
      <Filter>src\common</Filter>
    </ClCompile>
    <ClCompile Include="..\..\..\src\nd_crypt\rsa\desc.c">
      <Filter>src\nd_crypt</Filter>
    </ClCompile>
    <ClCompile Include="..\..\..\src\nd_crypt\rsa\digit.c">
      <Filter>src\nd_crypt</Filter>
    </ClCompile>
    <ClCompile Include="..\..\..\src\nd_crypt\rsa\md2c.c">
      <Filter>src\nd_crypt</Filter>
    </ClCompile>
    <ClCompile Include="..\..\..\src\nd_crypt\rsa\md5c.c">
      <Filter>src\nd_crypt</Filter>
    </ClCompile>
    <ClCompile Include="..\..\..\src\nd_crypt\rsa\nn.c">
      <Filter>src\nd_crypt</Filter>
    </ClCompile>
    <ClCompile Include="..\..\..\src\nd_crypt\rsa\prime.c">
      <Filter>src\nd_crypt</Filter>
    </ClCompile>
    <ClCompile Include="..\..\..\src\nd_crypt\rsa\rsa.c">
      <Filter>src\nd_crypt</Filter>
    </ClCompile>
    <ClCompile Include="..\..\..\src\nd_crypt\rsa\r_dh.c">
      <Filter>src\nd_crypt</Filter>
    </ClCompile>
    <ClCompile Include="..\..\..\src\nd_crypt\rsa\r_encode.c">
      <Filter>src\nd_crypt</Filter>
    </ClCompile>
    <ClCompile Include="..\..\..\src\nd_crypt\rsa\r_enhanc.c">
      <Filter>src\nd_crypt</Filter>
    </ClCompile>
    <ClCompile Include="..\..\..\src\nd_crypt\rsa\r_keygen.c">
      <Filter>src\nd_crypt</Filter>
    </ClCompile>
    <ClCompile Include="..\..\..\src\nd_crypt\rsa\r_random.c">
      <Filter>src\nd_crypt</Filter>
    </ClCompile>
    <ClCompile Include="..\..\..\src\nd_crypt\rsa\r_stdlib.c">
      <Filter>src\nd_crypt</Filter>
    </ClCompile>
    <ClCompile Include="..\..\..\src\nd_crypt\src\ndcrypt.c">
      <Filter>src\nd_crypt</Filter>
    </ClCompile>
    <ClCompile Include="..\..\..\src\nd_crypt\src\ndrsa.c">
      <Filter>src\nd_crypt</Filter>
    </ClCompile>
    <ClCompile Include="..\..\..\src\nd_crypt\src\nd_cryptfile.c">
      <Filter>src\nd_crypt</Filter>
    </ClCompile>
    <ClCompile Include="..\..\..\src\nd_crypt\src\nd_pubkey.c">
      <Filter>src\nd_crypt</Filter>
    </ClCompile>
    <ClCompile Include="..\..\..\src\nd_crypt\src\tea.c">
      <Filter>src\nd_crypt</Filter>
    </ClCompile>
    <ClCompile Include="..\..\..\src\nd_net\src\ipraw.c">
      <Filter>src\nd_net</Filter>
    </ClCompile>
    <ClCompile Include="..\..\..\src\nd_net\src\nd_msgentry.c">
      <Filter>src\nd_net</Filter>
    </ClCompile>
    <ClCompile Include="..\..\..\src\nd_net\src\nd_net.c">
      <Filter>src\nd_net</Filter>
    </ClCompile>
    <ClCompile Include="..\..\..\src\nd_net\src\nd_netobj.c">
      <Filter>src\nd_net</Filter>
    </ClCompile>
    <ClCompile Include="..\..\..\src\nd_net\src\nd_netui.c">
      <Filter>src\nd_net</Filter>
    </ClCompile>
    <ClCompile Include="..\..\..\src\nd_net\src\nd_socket.c">
      <Filter>src\nd_net</Filter>
    </ClCompile>
    <ClCompile Include="..\..\..\src\nd_net\src\nd_tcp.c">
      <Filter>src\nd_net</Filter>
    </ClCompile>
    <ClCompile Include="..\..\..\src\nd_net\src\nd_udp.c">
      <Filter>src\nd_net</Filter>
    </ClCompile>
    <ClCompile Include="..\..\..\src\nd_net\src\net_srv.c">
      <Filter>src\nd_net</Filter>
    </ClCompile>
    <ClCompile Include="..\..\..\src\nd_net\src\proxy_cli.c">
      <Filter>src\nd_net</Filter>
    </ClCompile>
    <ClCompile Include="..\..\..\src\nd_net\src\udt_net.c">
      <Filter>src\nd_net</Filter>
    </ClCompile>
    <ClCompile Include="..\..\..\src\nd_net\src\udt_socket.c">
      <Filter>src\nd_net</Filter>
    </ClCompile>
    <ClCompile Include="..\..\..\src\nd_net\src\udt_srv.c">
      <Filter>src\nd_net</Filter>
    </ClCompile>
    <ClCompile Include="..\..\..\src\nd_vm\src\nd_asm.c">
      <Filter>src\nd_vm</Filter>
    </ClCompile>
    <ClCompile Include="..\..\..\src\nd_vm\src\nd_formula.c">
      <Filter>src\nd_vm</Filter>
    </ClCompile>
    <ClCompile Include="..\..\..\src\nd_vm\src\nd_vm.c">
      <Filter>src\nd_vm</Filter>
    </ClCompile>
    <ClCompile Include="..\..\..\src\nd_vm\src\nd_vmdbg.c">
      <Filter>src\nd_vm</Filter>
    </ClCompile>
    <ClCompile Include="..\..\..\src\nd_vm\src\nd_vmmain.c">
      <Filter>src\nd_vm</Filter>
    </ClCompile>
    <ClCompile Include="..\..\..\src\nd_common\src\nd_time.c">
      <Filter>src\common</Filter>
    </ClCompile>
    <ClCompile Include="..\..\..\src\nd_common\src\cJSON.c">
      <Filter>src\common</Filter>
    </ClCompile>
    <ClCompile Include="..\..\..\src\nd_common\src\nd_logger.c">
      <Filter>src\common</Filter>
    </ClCompile>
    <ClCompile Include="..\..\..\src\ndclient\nd_client.cpp">
      <Filter>src\nd_cli</Filter>
    </ClCompile>
    <ClCompile Include="..\..\..\src\ndclient\nd_exch_key.cpp">
      <Filter>src\nd_cli</Filter>
    </ClCompile>
    <ClCompile Include="..\..\..\src\ndapplib\nd_baseConn.cpp">
      <Filter>src\ndapplib</Filter>
    </ClCompile>
    <ClCompile Include="..\..\..\src\ndapplib\nd_connector.cpp">
      <Filter>src\ndapplib</Filter>
    </ClCompile>
    <ClCompile Include="..\..\..\src\ndapplib\nd_msgpack.cpp">
      <Filter>src\ndapplib</Filter>
    </ClCompile>
    <ClCompile Include="..\..\..\src\ndapplib\nd_object.cpp">
      <Filter>src\ndapplib</Filter>
    </ClCompile>
    <ClCompile Include="..\..\..\src\ndapplib\nd_protoStream.cpp">
      <Filter>src\ndapplib</Filter>
    </ClCompile>
    <ClCompile Include="..\..\..\src\ndapplib\nd_vartype.cpp">
      <Filter>src\ndapplib</Filter>
    </ClCompile>
    <ClCompile Include="..\..\..\src\ndapplib\httpParser.cpp">
      <Filter>src\ndapplib</Filter>
    </ClCompile>
  </ItemGroup>
</Project>