// !$*UTF8*$!
{
	archiveVersion = 1;
	classes = {
	};
	objectVersion = 46;
	objects = {

/* Begin PBXBuildFile section */
		0729DF9319A8EE75002F8A75 /* libndMacStatic.a in Frameworks */ = {isa = PBXBuildFile; fileRef = 0729DF9219A8EE75002F8A75 /* libndMacStatic.a */; };
		07AE602B19D567390067A2EA /* main.cpp in Sources */ = {isa = PBXBuildFile; fileRef = 07AE602719D567390067A2EA /* main.cpp */; };
		07AE602E19D567390067A2EA /* Makefile in Sources */ = {isa = PBXBuildFile; fileRef = 07AE602A19D567390067A2EA /* Makefile */; };
/* End PBXBuildFile section */

/* Begin PBXCopyFilesBuildPhase section */
		07EBD08819A8EADF00802576 /* CopyFiles */ = {
			isa = PBXCopyFilesBuildPhase;
			buildActionMask = 2147483647;
			dstPath = /usr/share/man/man1/;
			dstSubfolderSpec = 0;
			files = (
			);
			runOnlyForDeploymentPostprocessing = 1;
		};
/* End PBXCopyFilesBuildPhase section */

/* Begin PBXFileReference section */
		0729DF9219A8EE75002F8A75 /* libndMacStatic.a */ = {isa = PBXFileReference; lastKnownFileType = archive.ar; name = libndMacStatic.a; path = "../../../../../Library/Developer/Xcode/DerivedData/ndsdkxcode-hcupniqwmhivkefcedgnfgupthhn/Build/Products/Debug/libndMacStatic.a"; sourceTree = "<group>"; };
		07AE602719D567390067A2EA /* main.cpp */ = {isa = PBXFileReference; fileEncoding = 4; lastKnownFileType = sourcecode.cpp.cpp; path = main.cpp; sourceTree = "<group>"; };
		07AE602A19D567390067A2EA /* Makefile */ = {isa = PBXFileReference; fileEncoding = 4; lastKnownFileType = sourcecode.make; path = Makefile; sourceTree = "<group>"; };
		07EBD08A19A8EADF00802576 /* srvDemo */ = {isa = PBXFileReference; explicitFileType = "compiled.mach-o.executable"; includeInIndex = 0; path = srvDemo; sourceTree = BUILT_PRODUCTS_DIR; };
/* End PBXFileReference section */

/* Begin PBXFrameworksBuildPhase section */
		07EBD08719A8EADF00802576 /* Frameworks */ = {
			isa = PBXFrameworksBuildPhase;
			buildActionMask = 2147483647;
			files = (
				0729DF9319A8EE75002F8A75 /* libndMacStatic.a in Frameworks */,
			);
			runOnlyForDeploymentPostprocessing = 0;
		};
/* End PBXFrameworksBuildPhase section */

/* Begin PBXGroup section */
		07AE602619D567390067A2EA /* srvDemo */ = {
			isa = PBXGroup;
			children = (
				07AE602719D567390067A2EA /* main.cpp */,
				07AE602A19D567390067A2EA /* Makefile */,
			);
			name = srvDemo;
			path = ../../demo/srvDemo;
			sourceTree = "<group>";
		};
		07EBD08119A8EADF00802576 = {
			isa = PBXGroup;
			children = (
				07AE602619D567390067A2EA /* srvDemo */,
				0729DF9219A8EE75002F8A75 /* libndMacStatic.a */,
				07EBD08B19A8EADF00802576 /* Products */,
			);
			sourceTree = "<group>";
		};
		07EBD08B19A8EADF00802576 /* Products */ = {
			isa = PBXGroup;
			children = (
				07EBD08A19A8EADF00802576 /* srvDemo */,
			);
			name = Products;
			sourceTree = "<group>";
		};
/* End PBXGroup section */

/* Begin PBXNativeTarget section */
		07EBD08919A8EADF00802576 /* srvDemo */ = {
			isa = PBXNativeTarget;
			buildConfigurationList = 07EBD09119A8EADF00802576 /* Build configuration list for PBXNativeTarget "srvDemo" */;
			buildPhases = (
				07EBD08619A8EADF00802576 /* Sources */,
				07EBD08719A8EADF00802576 /* Frameworks */,
				07EBD08819A8EADF00802576 /* CopyFiles */,
			);
			buildRules = (
			);
			dependencies = (
			);
			name = srvDemo;
			productName = srvDemo;
			productReference = 07EBD08A19A8EADF00802576 /* srvDemo */;
			productType = "com.apple.product-type.tool";
		};
/* End PBXNativeTarget section */

/* Begin PBXProject section */
		07EBD08219A8EADF00802576 /* Project object */ = {
			isa = PBXProject;
			attributes = {
				LastUpgradeCheck = 0600;
				ORGANIZATIONNAME = duanxiuyun;
				TargetAttributes = {
					07EBD08919A8EADF00802576 = {
						CreatedOnToolsVersion = 6.0;
					};
				};
			};
			buildConfigurationList = 07EBD08519A8EADF00802576 /* Build configuration list for PBXProject "srvDemo" */;
			compatibilityVersion = "Xcode 3.2";
			developmentRegion = English;
			hasScannedForEncodings = 0;
			knownRegions = (
				en,
			);
			mainGroup = 07EBD08119A8EADF00802576;
			productRefGroup = 07EBD08B19A8EADF00802576 /* Products */;
			projectDirPath = "";
			projectRoot = "";
			targets = (
				07EBD08919A8EADF00802576 /* srvDemo */,
			);
		};
/* End PBXProject section */

/* Begin PBXSourcesBuildPhase section */
		07EBD08619A8EADF00802576 /* Sources */ = {
			isa = PBXSourcesBuildPhase;
			buildActionMask = 2147483647;
			files = (
				07AE602E19D567390067A2EA /* Makefile in Sources */,
				07AE602B19D567390067A2EA /* main.cpp in Sources */,
			);
			runOnlyForDeploymentPostprocessing = 0;
		};
/* End PBXSourcesBuildPhase section */

/* Begin XCBuildConfiguration section */
		07EBD08F19A8EADF00802576 /* Debug */ = {
			isa = XCBuildConfiguration;
			buildSettings = {
				ALWAYS_SEARCH_USER_PATHS = NO;
				CLANG_CXX_LANGUAGE_STANDARD = "gnu++0x";
				CLANG_CXX_LIBRARY = "libc++";
				CLANG_ENABLE_MODULES = YES;
				CLANG_ENABLE_OBJC_ARC = YES;
				CLANG_WARN_BOOL_CONVERSION = YES;
				CLANG_WARN_CONSTANT_CONVERSION = YES;
				CLANG_WARN_DIRECT_OBJC_ISA_USAGE = YES_ERROR;
				CLANG_WARN_EMPTY_BODY = YES;
				CLANG_WARN_ENUM_CONVERSION = YES;
				CLANG_WARN_INT_CONVERSION = YES;
				CLANG_WARN_OBJC_ROOT_CLASS = YES_ERROR;
				CLANG_WARN_UNREACHABLE_CODE = YES;
				CLANG_WARN__DUPLICATE_METHOD_MATCH = YES;
				COPY_PHASE_STRIP = NO;
				ENABLE_STRICT_OBJC_MSGSEND = YES;
				GCC_C_LANGUAGE_STANDARD = gnu99;
				GCC_DYNAMIC_NO_PIC = NO;
				GCC_OPTIMIZATION_LEVEL = 0;
				GCC_PREPROCESSOR_DEFINITIONS = (
					__MAC_OS__,
					ND_UNIX,
					ND_DEBUG,
					"$(inherited)",
				);
				GCC_SYMBOLS_PRIVATE_EXTERN = NO;
				GCC_WARN_64_TO_32_BIT_CONVERSION = YES;
				GCC_WARN_ABOUT_RETURN_TYPE = YES_ERROR;
				GCC_WARN_UNDECLARED_SELECTOR = YES;
				GCC_WARN_UNINITIALIZED_AUTOS = YES_AGGRESSIVE;
				GCC_WARN_UNUSED_FUNCTION = YES;
				GCC_WARN_UNUSED_VARIABLE = YES;
				MACOSX_DEPLOYMENT_TARGET = 10.9;
				MTL_ENABLE_DEBUG_INFO = YES;
				ONLY_ACTIVE_ARCH = YES;
				SDKROOT = macosx;
				USER_HEADER_SEARCH_PATHS = ../../include;
			};
			name = Debug;
		};
		07EBD09019A8EADF00802576 /* Release */ = {
			isa = XCBuildConfiguration;
			buildSettings = {
				ALWAYS_SEARCH_USER_PATHS = NO;
				CLANG_CXX_LANGUAGE_STANDARD = "gnu++0x";
				CLANG_CXX_LIBRARY = "libc++";
				CLANG_ENABLE_MODULES = YES;
				CLANG_ENABLE_OBJC_ARC = YES;
				CLANG_WARN_BOOL_CONVERSION = YES;
				CLANG_WARN_CONSTANT_CONVERSION = YES;
				CLANG_WARN_DIRECT_OBJC_ISA_USAGE = YES_ERROR;
				CLANG_WARN_EMPTY_BODY = YES;
				CLANG_WARN_ENUM_CONVERSION = YES;
				CLANG_WARN_INT_CONVERSION = YES;
				CLANG_WARN_OBJC_ROOT_CLASS = YES_ERROR;
				CLANG_WARN_UNREACHABLE_CODE = YES;
				CLANG_WARN__DUPLICATE_METHOD_MATCH = YES;
				COPY_PHASE_STRIP = YES;
				DEBUG_INFORMATION_FORMAT = "dwarf-with-dsym";
				ENABLE_NS_ASSERTIONS = NO;
				ENABLE_STRICT_OBJC_MSGSEND = YES;
				GCC_C_LANGUAGE_STANDARD = gnu99;
				GCC_PREPROCESSOR_DEFINITIONS = (
					__MAC_OS__,
					ND_UNIX,
				);
				GCC_WARN_64_TO_32_BIT_CONVERSION = YES;
				GCC_WARN_ABOUT_RETURN_TYPE = YES_ERROR;
				GCC_WARN_UNDECLARED_SELECTOR = YES;
				GCC_WARN_UNINITIALIZED_AUTOS = YES_AGGRESSIVE;
				GCC_WARN_UNUSED_FUNCTION = YES;
				GCC_WARN_UNUSED_VARIABLE = YES;
				MACOSX_DEPLOYMENT_TARGET = 10.9;
				MTL_ENABLE_DEBUG_INFO = NO;
				SDKROOT = macosx;
				USER_HEADER_SEARCH_PATHS = ../../include;
			};
			name = Release;
		};
		07EBD09219A8EADF00802576 /* Debug */ = {
			isa = XCBuildConfiguration;
			buildSettings = {
				LIBRARY_SEARCH_PATHS = (
					"$(inherited)",
					"$(USER_LIBRARY_DIR)/Developer/Xcode/DerivedData/ndsdkxcode-hcupniqwmhivkefcedgnfgupthhn/Build/Products/Debug",
				);
				PRODUCT_NAME = "$(TARGET_NAME)";
			};
			name = Debug;
		};
		07EBD09319A8EADF00802576 /* Release */ = {
			isa = XCBuildConfiguration;
			buildSettings = {
				LIBRARY_SEARCH_PATHS = (
					"$(inherited)",
					"$(USER_LIBRARY_DIR)/Developer/Xcode/DerivedData/ndsdkxcode-hcupniqwmhivkefcedgnfgupthhn/Build/Products/Debug",
				);
				PRODUCT_NAME = "$(TARGET_NAME)";
			};
			name = Release;
		};
/* End XCBuildConfiguration section */

/* Begin XCConfigurationList section */
		07EBD08519A8EADF00802576 /* Build configuration list for PBXProject "srvDemo" */ = {
			isa = XCConfigurationList;
			buildConfigurations = (
				07EBD08F19A8EADF00802576 /* Debug */,
				07EBD09019A8EADF00802576 /* Release */,
			);
			defaultConfigurationIsVisible = 0;
			defaultConfigurationName = Release;
		};
		07EBD09119A8EADF00802576 /* Build configuration list for PBXNativeTarget "srvDemo" */ = {
			isa = XCConfigurationList;
			buildConfigurations = (
				07EBD09219A8EADF00802576 /* Debug */,
				07EBD09319A8EADF00802576 /* Release */,
			);
			defaultConfigurationIsVisible = 0;
			defaultConfigurationName = Release;
		};
/* End XCConfigurationList section */
	};
	rootObject = 07EBD08219A8EADF00802576 /* Project object */;
}
