// !$*UTF8*$!
{
	archiveVersion = 1;
	classes = {
	};
	objectVersion = 46;
	objects = {

/* Begin PBXBuildFile section */
		07A26B3119C80DA600F51698 /* Makefile in Sources */ = {isa = PBXBuildFile; fileRef = 07A269C919C80DA500F51698 /* Makefile */; };
		07A26B3319C80DA600F51698 /* Makefile in Sources */ = {isa = PBXBuildFile; fileRef = 07A269CC19C80DA500F51698 /* Makefile */; };
		07A26B5619C80DA600F51698 /* bintree.c in Sources */ = {isa = PBXBuildFile; fileRef = 07A269F119C80DA600F51698 /* bintree.c */; };
		07A26B5719C80DA600F51698 /* callstack.c in Sources */ = {isa = PBXBuildFile; fileRef = 07A269F219C80DA600F51698 /* callstack.c */; };
		07A26B5819C80DA600F51698 /* common.c in Sources */ = {isa = PBXBuildFile; fileRef = 07A269F319C80DA600F51698 /* common.c */; };
		07A26B5919C80DA600F51698 /* nd_handle.c in Sources */ = {isa = PBXBuildFile; fileRef = 07A269F419C80DA600F51698 /* nd_handle.c */; };
		07A26B5A19C80DA600F51698 /* nd_mempool.c in Sources */ = {isa = PBXBuildFile; fileRef = 07A269F519C80DA600F51698 /* nd_mempool.c */; };
		07A26B5B19C80DA600F51698 /* nd_mutex.c in Sources */ = {isa = PBXBuildFile; fileRef = 07A269F619C80DA600F51698 /* nd_mutex.c */; };
		07A26B5C19C80DA600F51698 /* nd_static_alloc.c in Sources */ = {isa = PBXBuildFile; fileRef = 07A269F719C80DA600F51698 /* nd_static_alloc.c */; };
		07A26B5D19C80DA600F51698 /* nd_str.c in Sources */ = {isa = PBXBuildFile; fileRef = 07A269F819C80DA600F51698 /* nd_str.c */; };
		07A26B5E19C80DA600F51698 /* nd_timer.c in Sources */ = {isa = PBXBuildFile; fileRef = 07A269F919C80DA600F51698 /* nd_timer.c */; };
		07A26B5F19C80DA600F51698 /* nd_trace.c in Sources */ = {isa = PBXBuildFile; fileRef = 07A269FA19C80DA600F51698 /* nd_trace.c */; };
		07A26B6019C80DA600F51698 /* nd_unix.c in Sources */ = {isa = PBXBuildFile; fileRef = 07A269FB19C80DA600F51698 /* nd_unix.c */; };
		07A26B6119C80DA600F51698 /* nd_win.c in Sources */ = {isa = PBXBuildFile; fileRef = 07A269FC19C80DA600F51698 /* nd_win.c */; };
		07A26B6219C80DA600F51698 /* nd_xml.c in Sources */ = {isa = PBXBuildFile; fileRef = 07A269FD19C80DA600F51698 /* nd_xml.c */; };
		07A26B6319C80DA600F51698 /* nddir.c in Sources */ = {isa = PBXBuildFile; fileRef = 07A269FE19C80DA600F51698 /* nddir.c */; };
		07A26B6419C80DA600F51698 /* node_mgr.c in Sources */ = {isa = PBXBuildFile; fileRef = 07A269FF19C80DA600F51698 /* node_mgr.c */; };
		07A26B6519C80DA600F51698 /* recbuf.c in Sources */ = {isa = PBXBuildFile; fileRef = 07A26A0019C80DA600F51698 /* recbuf.c */; };
		07A26B6619C80DA600F51698 /* source_log.c in Sources */ = {isa = PBXBuildFile; fileRef = 07A26A0119C80DA600F51698 /* source_log.c */; };
		07A26B6719C80DA600F51698 /* Makefile in Sources */ = {isa = PBXBuildFile; fileRef = 07A26A0319C80DA600F51698 /* Makefile */; };
		07A26B8C19C80DA600F51698 /* desc.c in Sources */ = {isa = PBXBuildFile; fileRef = 07A26A2A19C80DA600F51698 /* desc.c */; };
		07A26B8D19C80DA600F51698 /* digit.c in Sources */ = {isa = PBXBuildFile; fileRef = 07A26A2B19C80DA600F51698 /* digit.c */; };
		07A26B8E19C80DA600F51698 /* md2c.c in Sources */ = {isa = PBXBuildFile; fileRef = 07A26A2C19C80DA600F51698 /* md2c.c */; };
		07A26B8F19C80DA600F51698 /* md5c.c in Sources */ = {isa = PBXBuildFile; fileRef = 07A26A2D19C80DA600F51698 /* md5c.c */; };
		07A26B9019C80DA600F51698 /* nn.c in Sources */ = {isa = PBXBuildFile; fileRef = 07A26A2E19C80DA600F51698 /* nn.c */; };
		07A26B9119C80DA600F51698 /* prime.c in Sources */ = {isa = PBXBuildFile; fileRef = 07A26A2F19C80DA600F51698 /* prime.c */; };
		07A26B9219C80DA600F51698 /* r_dh.c in Sources */ = {isa = PBXBuildFile; fileRef = 07A26A3019C80DA600F51698 /* r_dh.c */; };
		07A26B9319C80DA600F51698 /* r_encode.c in Sources */ = {isa = PBXBuildFile; fileRef = 07A26A3119C80DA600F51698 /* r_encode.c */; };
		07A26B9419C80DA600F51698 /* r_enhanc.c in Sources */ = {isa = PBXBuildFile; fileRef = 07A26A3219C80DA600F51698 /* r_enhanc.c */; };
		07A26B9519C80DA600F51698 /* r_keygen.c in Sources */ = {isa = PBXBuildFile; fileRef = 07A26A3319C80DA600F51698 /* r_keygen.c */; };
		07A26B9619C80DA600F51698 /* r_random.c in Sources */ = {isa = PBXBuildFile; fileRef = 07A26A3419C80DA600F51698 /* r_random.c */; };
		07A26B9719C80DA600F51698 /* r_stdlib.c in Sources */ = {isa = PBXBuildFile; fileRef = 07A26A3519C80DA600F51698 /* r_stdlib.c */; };
		07A26B9819C80DA600F51698 /* rsa.c in Sources */ = {isa = PBXBuildFile; fileRef = 07A26A3619C80DA600F51698 /* rsa.c */; };
		07A26B9919C80DA600F51698 /* nd_cryptfile.c in Sources */ = {isa = PBXBuildFile; fileRef = 07A26A3819C80DA600F51698 /* nd_cryptfile.c */; };
		07A26B9A19C80DA600F51698 /* nd_pubkey.c in Sources */ = {isa = PBXBuildFile; fileRef = 07A26A3919C80DA600F51698 /* nd_pubkey.c */; };
		07A26B9B19C80DA600F51698 /* ndcrypt.c in Sources */ = {isa = PBXBuildFile; fileRef = 07A26A3A19C80DA600F51698 /* ndcrypt.c */; };
		07A26B9C19C80DA600F51698 /* ndrsa.c in Sources */ = {isa = PBXBuildFile; fileRef = 07A26A3B19C80DA600F51698 /* ndrsa.c */; };
		07A26B9D19C80DA600F51698 /* tea.c in Sources */ = {isa = PBXBuildFile; fileRef = 07A26A3C19C80DA600F51698 /* tea.c */; };
		07A26B9E19C80DA600F51698 /* Makefile in Sources */ = {isa = PBXBuildFile; fileRef = 07A26A3E19C80DA600F51698 /* Makefile */; };
		07A26BBB19C80DA600F51698 /* ipraw.c in Sources */ = {isa = PBXBuildFile; fileRef = 07A26A5D19C80DA600F51698 /* ipraw.c */; };
		07A26BBC19C80DA600F51698 /* nd_msgentry.c in Sources */ = {isa = PBXBuildFile; fileRef = 07A26A5E19C80DA600F51698 /* nd_msgentry.c */; };
		07A26BBD19C80DA600F51698 /* nd_net.c in Sources */ = {isa = PBXBuildFile; fileRef = 07A26A5F19C80DA600F51698 /* nd_net.c */; };
		07A26BBE19C80DA600F51698 /* nd_netobj.c in Sources */ = {isa = PBXBuildFile; fileRef = 07A26A6019C80DA600F51698 /* nd_netobj.c */; };
		07A26BBF19C80DA600F51698 /* nd_netui.c in Sources */ = {isa = PBXBuildFile; fileRef = 07A26A6119C80DA600F51698 /* nd_netui.c */; };
		07A26BC019C80DA600F51698 /* nd_socket.c in Sources */ = {isa = PBXBuildFile; fileRef = 07A26A6219C80DA600F51698 /* nd_socket.c */; };
		07A26BC119C80DA600F51698 /* nd_tcp.c in Sources */ = {isa = PBXBuildFile; fileRef = 07A26A6319C80DA600F51698 /* nd_tcp.c */; };
		07A26BC219C80DA600F51698 /* nd_udp.c in Sources */ = {isa = PBXBuildFile; fileRef = 07A26A6419C80DA600F51698 /* nd_udp.c */; };
		07A26BC319C80DA600F51698 /* net_srv.c in Sources */ = {isa = PBXBuildFile; fileRef = 07A26A6519C80DA600F51698 /* net_srv.c */; };
		07A26BC419C80DA600F51698 /* proxy_cli.c in Sources */ = {isa = PBXBuildFile; fileRef = 07A26A6619C80DA600F51698 /* proxy_cli.c */; };
		07A26BC519C80DA600F51698 /* udt_icmp.c in Sources */ = {isa = PBXBuildFile; fileRef = 07A26A6719C80DA600F51698 /* udt_icmp.c */; };
		07A26BC619C80DA600F51698 /* udt_net.c in Sources */ = {isa = PBXBuildFile; fileRef = 07A26A6819C80DA600F51698 /* udt_net.c */; };
		07A26BC719C80DA600F51698 /* udt_socket.c in Sources */ = {isa = PBXBuildFile; fileRef = 07A26A6919C80DA600F51698 /* udt_socket.c */; };
		07A26BC819C80DA600F51698 /* udt_srv.c in Sources */ = {isa = PBXBuildFile; fileRef = 07A26A6A19C80DA600F51698 /* udt_srv.c */; };
		07A26C2419C80DA600F51698 /* msg_format.cpp in Sources */ = {isa = PBXBuildFile; fileRef = 07A26AD319C80DA600F51698 /* msg_format.cpp */; };
		07A26C2519C80DA600F51698 /* nd_connector.c in Sources */ = {isa = PBXBuildFile; fileRef = 07A26AD419C80DA600F51698 /* nd_connector.c */; };
		07A26C2619C80DA600F51698 /* nd_connector.cpp in Sources */ = {isa = PBXBuildFile; fileRef = 07A26AD619C80DA600F51698 /* nd_connector.cpp */; };
		07A26C2719C80DA600F51698 /* Rules.make in Resources */ = {isa = PBXBuildFile; fileRef = 07A26AD719C80DA600F51698 /* Rules.make */; };
		07A26C6719C80DFA00F51698 /* nd_msgpack.cpp in Sources */ = {isa = PBXBuildFile; fileRef = 07A26C6619C80DFA00F51698 /* nd_msgpack.cpp */; };
		07A26C6A19C8115700F51698 /* ndcli_unity_mac.bundle in CopyFiles */ = {isa = PBXBuildFile; fileRef = 07A2695C19C80B1500F51698 /* ndcli_unity_mac.bundle */; };
/* End PBXBuildFile section */

/* Begin PBXCopyFilesBuildPhase section */
		07A26C6919C8113100F51698 /* CopyFiles */ = {
			isa = PBXCopyFilesBuildPhase;
			buildActionMask = 2147483647;
			dstPath = /Users/duan/Documents/work/AtlatisRoot/trunk/Atlantis/Assets/Plugins;
			dstSubfolderSpec = 0;
			files = (
				07A26C6A19C8115700F51698 /* ndcli_unity_mac.bundle in CopyFiles */,
			);
			runOnlyForDeploymentPostprocessing = 0;
		};
/* End PBXCopyFilesBuildPhase section */

/* Begin PBXFileReference section */
		07A2695C19C80B1500F51698 /* ndcli_unity_mac.bundle */ = {isa = PBXFileReference; explicitFileType = wrapper.cfbundle; includeInIndex = 0; path = ndcli_unity_mac.bundle; sourceTree = BUILT_PRODUCTS_DIR; };
		07A2696019C80B1500F51698 /* Info.plist */ = {isa = PBXFileReference; lastKnownFileType = text.plist.xml; path = Info.plist; sourceTree = "<group>"; };
		07A2696919C80DA500F51698 /* list.h */ = {isa = PBXFileReference; fileEncoding = 4; lastKnownFileType = sourcecode.c.h; path = list.h; sourceTree = "<group>"; };
		07A2696A19C80DA500F51698 /* nd_alloc.h */ = {isa = PBXFileReference; fileEncoding = 4; lastKnownFileType = sourcecode.c.h; path = nd_alloc.h; sourceTree = "<group>"; };
		07A2696B19C80DA500F51698 /* nd_atomic.h */ = {isa = PBXFileReference; fileEncoding = 4; lastKnownFileType = sourcecode.c.h; path = nd_atomic.h; sourceTree = "<group>"; };
		07A2696C19C80DA500F51698 /* nd_bintree.h */ = {isa = PBXFileReference; fileEncoding = 4; lastKnownFileType = sourcecode.c.h; path = nd_bintree.h; sourceTree = "<group>"; };
		07A2696D19C80DA500F51698 /* nd_comcfg.h */ = {isa = PBXFileReference; fileEncoding = 4; lastKnownFileType = sourcecode.c.h; path = nd_comcfg.h; sourceTree = "<group>"; };
		07A2696E19C80DA500F51698 /* nd_comdef.h */ = {isa = PBXFileReference; fileEncoding = 4; lastKnownFileType = sourcecode.c.h; path = nd_comdef.h; sourceTree = "<group>"; };
		07A2696F19C80DA500F51698 /* nd_common.h */ = {isa = PBXFileReference; fileEncoding = 4; lastKnownFileType = sourcecode.c.h; path = nd_common.h; sourceTree = "<group>"; };
		07A2697019C80DA500F51698 /* nd_dbg.h */ = {isa = PBXFileReference; fileEncoding = 4; lastKnownFileType = sourcecode.c.h; path = nd_dbg.h; sourceTree = "<group>"; };
		07A2697119C80DA500F51698 /* nd_define.h */ = {isa = PBXFileReference; fileEncoding = 4; lastKnownFileType = sourcecode.c.h; path = nd_define.h; sourceTree = "<group>"; };
		07A2697219C80DA500F51698 /* nd_handle.h */ = {isa = PBXFileReference; fileEncoding = 4; lastKnownFileType = sourcecode.c.h; path = nd_handle.h; sourceTree = "<group>"; };
		07A2697319C80DA500F51698 /* nd_mempool.h */ = {isa = PBXFileReference; fileEncoding = 4; lastKnownFileType = sourcecode.c.h; path = nd_mempool.h; sourceTree = "<group>"; };
		07A2697419C80DA500F51698 /* nd_node_mgr.h */ = {isa = PBXFileReference; fileEncoding = 4; lastKnownFileType = sourcecode.c.h; path = nd_node_mgr.h; sourceTree = "<group>"; };
		07A2697519C80DA500F51698 /* nd_os.h */ = {isa = PBXFileReference; fileEncoding = 4; lastKnownFileType = sourcecode.c.h; path = nd_os.h; sourceTree = "<group>"; };
		07A2697619C80DA500F51698 /* nd_recbuf.h */ = {isa = PBXFileReference; fileEncoding = 4; lastKnownFileType = sourcecode.c.h; path = nd_recbuf.h; sourceTree = "<group>"; };
		07A2697719C80DA500F51698 /* nd_static_alloc.h */ = {isa = PBXFileReference; fileEncoding = 4; lastKnownFileType = sourcecode.c.h; path = nd_static_alloc.h; sourceTree = "<group>"; };
		07A2697819C80DA500F51698 /* nd_str.h */ = {isa = PBXFileReference; fileEncoding = 4; lastKnownFileType = sourcecode.c.h; path = nd_str.h; sourceTree = "<group>"; };
		07A2697919C80DA500F51698 /* nd_timer.h */ = {isa = PBXFileReference; fileEncoding = 4; lastKnownFileType = sourcecode.c.h; path = nd_timer.h; sourceTree = "<group>"; };
		07A2697A19C80DA500F51698 /* nd_unix.h */ = {isa = PBXFileReference; fileEncoding = 4; lastKnownFileType = sourcecode.c.h; path = nd_unix.h; sourceTree = "<group>"; };
		07A2697B19C80DA500F51698 /* nd_win.h */ = {isa = PBXFileReference; fileEncoding = 4; lastKnownFileType = sourcecode.c.h; path = nd_win.h; sourceTree = "<group>"; };
		07A2697C19C80DA500F51698 /* nd_xml.h */ = {isa = PBXFileReference; fileEncoding = 4; lastKnownFileType = sourcecode.c.h; path = nd_xml.h; sourceTree = "<group>"; };
		07A2697D19C80DA500F51698 /* ndchar.h */ = {isa = PBXFileReference; fileEncoding = 4; lastKnownFileType = sourcecode.c.h; path = ndchar.h; sourceTree = "<group>"; };
		07A2697E19C80DA500F51698 /* nddir.h */ = {isa = PBXFileReference; fileEncoding = 4; lastKnownFileType = sourcecode.c.h; path = nddir.h; sourceTree = "<group>"; };
		07A2698019C80DA500F51698 /* nd_crypt.h */ = {isa = PBXFileReference; fileEncoding = 4; lastKnownFileType = sourcecode.c.h; path = nd_crypt.h; sourceTree = "<group>"; };
		07A2698119C80DA500F51698 /* nd_cryptfile.h */ = {isa = PBXFileReference; fileEncoding = 4; lastKnownFileType = sourcecode.c.h; path = nd_cryptfile.h; sourceTree = "<group>"; };
		07A2698219C80DA500F51698 /* nd_pubkey.h */ = {isa = PBXFileReference; fileEncoding = 4; lastKnownFileType = sourcecode.c.h; path = nd_pubkey.h; sourceTree = "<group>"; };
		07A2698419C80DA500F51698 /* des.h */ = {isa = PBXFileReference; fileEncoding = 4; lastKnownFileType = sourcecode.c.h; path = des.h; sourceTree = "<group>"; };
		07A2698519C80DA500F51698 /* digit.h */ = {isa = PBXFileReference; fileEncoding = 4; lastKnownFileType = sourcecode.c.h; path = digit.h; sourceTree = "<group>"; };
		07A2698619C80DA500F51698 /* global.h */ = {isa = PBXFileReference; fileEncoding = 4; lastKnownFileType = sourcecode.c.h; path = global.h; sourceTree = "<group>"; };
		07A2698719C80DA500F51698 /* md2.h */ = {isa = PBXFileReference; fileEncoding = 4; lastKnownFileType = sourcecode.c.h; path = md2.h; sourceTree = "<group>"; };
		07A2698819C80DA500F51698 /* md5.h */ = {isa = PBXFileReference; fileEncoding = 4; lastKnownFileType = sourcecode.c.h; path = md5.h; sourceTree = "<group>"; };
		07A2698919C80DA500F51698 /* nn.h */ = {isa = PBXFileReference; fileEncoding = 4; lastKnownFileType = sourcecode.c.h; path = nn.h; sourceTree = "<group>"; };
		07A2698A19C80DA500F51698 /* prime.h */ = {isa = PBXFileReference; fileEncoding = 4; lastKnownFileType = sourcecode.c.h; path = prime.h; sourceTree = "<group>"; };
		07A2698B19C80DA500F51698 /* r_random.h */ = {isa = PBXFileReference; fileEncoding = 4; lastKnownFileType = sourcecode.c.h; path = r_random.h; sourceTree = "<group>"; };
		07A2698C19C80DA500F51698 /* rsa.h */ = {isa = PBXFileReference; fileEncoding = 4; lastKnownFileType = sourcecode.c.h; path = rsa.h; sourceTree = "<group>"; };
		07A2698D19C80DA500F51698 /* rsaref.h */ = {isa = PBXFileReference; fileEncoding = 4; lastKnownFileType = sourcecode.c.h; path = rsaref.h; sourceTree = "<group>"; };
		07A2698E19C80DA500F51698 /* tea.h */ = {isa = PBXFileReference; fileEncoding = 4; lastKnownFileType = sourcecode.c.h; path = tea.h; sourceTree = "<group>"; };
		07A2698F19C80DA500F51698 /* nd_msg.h */ = {isa = PBXFileReference; fileEncoding = 4; lastKnownFileType = sourcecode.c.h; path = nd_msg.h; sourceTree = "<group>"; };
		07A2699119C80DA500F51698 /* byte_order.h */ = {isa = PBXFileReference; fileEncoding = 4; lastKnownFileType = sourcecode.c.h; path = byte_order.h; sourceTree = "<group>"; };
		07A2699219C80DA500F51698 /* nd_iphdr.h */ = {isa = PBXFileReference; fileEncoding = 4; lastKnownFileType = sourcecode.c.h; path = nd_iphdr.h; sourceTree = "<group>"; };
		07A2699319C80DA500F51698 /* nd_msgentry.h */ = {isa = PBXFileReference; fileEncoding = 4; lastKnownFileType = sourcecode.c.h; path = nd_msgentry.h; sourceTree = "<group>"; };
		07A2699419C80DA500F51698 /* nd_netcrypt.h */ = {isa = PBXFileReference; fileEncoding = 4; lastKnownFileType = sourcecode.c.h; path = nd_netcrypt.h; sourceTree = "<group>"; };
		07A2699519C80DA500F51698 /* nd_netioctl.h */ = {isa = PBXFileReference; fileEncoding = 4; lastKnownFileType = sourcecode.c.h; path = nd_netioctl.h; sourceTree = "<group>"; };
		07A2699619C80DA500F51698 /* nd_netlib.h */ = {isa = PBXFileReference; fileEncoding = 4; lastKnownFileType = sourcecode.c.h; path = nd_netlib.h; sourceTree = "<group>"; };
		07A2699719C80DA500F51698 /* nd_netobj.h */ = {isa = PBXFileReference; fileEncoding = 4; lastKnownFileType = sourcecode.c.h; path = nd_netobj.h; sourceTree = "<group>"; };
		07A2699819C80DA500F51698 /* nd_netpack.h */ = {isa = PBXFileReference; fileEncoding = 4; lastKnownFileType = sourcecode.c.h; path = nd_netpack.h; sourceTree = "<group>"; };
		07A2699919C80DA500F51698 /* nd_netui.h */ = {isa = PBXFileReference; fileEncoding = 4; lastKnownFileType = sourcecode.c.h; path = nd_netui.h; sourceTree = "<group>"; };
		07A2699A19C80DA500F51698 /* nd_sock.h */ = {isa = PBXFileReference; fileEncoding = 4; lastKnownFileType = sourcecode.c.h; path = nd_sock.h; sourceTree = "<group>"; };
		07A2699B19C80DA500F51698 /* nd_srv.h */ = {isa = PBXFileReference; fileEncoding = 4; lastKnownFileType = sourcecode.c.h; path = nd_srv.h; sourceTree = "<group>"; };
		07A2699C19C80DA500F51698 /* nd_tcp.h */ = {isa = PBXFileReference; fileEncoding = 4; lastKnownFileType = sourcecode.c.h; path = nd_tcp.h; sourceTree = "<group>"; };
		07A2699D19C80DA500F51698 /* nd_udp.h */ = {isa = PBXFileReference; fileEncoding = 4; lastKnownFileType = sourcecode.c.h; path = nd_udp.h; sourceTree = "<group>"; };
		07A2699E19C80DA500F51698 /* nd_udt.h */ = {isa = PBXFileReference; fileEncoding = 4; lastKnownFileType = sourcecode.c.h; path = nd_udt.h; sourceTree = "<group>"; };
		07A2699F19C80DA500F51698 /* nd_udthdr.h */ = {isa = PBXFileReference; fileEncoding = 4; lastKnownFileType = sourcecode.c.h; path = nd_udthdr.h; sourceTree = "<group>"; };
		07A269A119C80DA500F51698 /* client_map.h */ = {isa = PBXFileReference; fileEncoding = 4; lastKnownFileType = sourcecode.c.h; path = client_map.h; sourceTree = "<group>"; };
		07A269A219C80DA500F51698 /* nd_listensrv.h */ = {isa = PBXFileReference; fileEncoding = 4; lastKnownFileType = sourcecode.c.h; path = nd_listensrv.h; sourceTree = "<group>"; };
		07A269A319C80DA500F51698 /* nd_session.h */ = {isa = PBXFileReference; fileEncoding = 4; lastKnownFileType = sourcecode.c.h; path = nd_session.h; sourceTree = "<group>"; };
		07A269A419C80DA500F51698 /* nd_srvlib.h */ = {isa = PBXFileReference; fileEncoding = 4; lastKnownFileType = sourcecode.c.h; path = nd_srvlib.h; sourceTree = "<group>"; };
		07A269A519C80DA500F51698 /* nd_thpool.h */ = {isa = PBXFileReference; fileEncoding = 4; lastKnownFileType = sourcecode.c.h; path = nd_thpool.h; sourceTree = "<group>"; };
		07A269A619C80DA500F51698 /* nd_threadmsgid.h */ = {isa = PBXFileReference; fileEncoding = 4; lastKnownFileType = sourcecode.c.h; path = nd_threadmsgid.h; sourceTree = "<group>"; };
		07A269A719C80DA500F51698 /* nd_threadsrv.h */ = {isa = PBXFileReference; fileEncoding = 4; lastKnownFileType = sourcecode.c.h; path = nd_threadsrv.h; sourceTree = "<group>"; };
		07A269A919C80DA500F51698 /* nd_vm.h */ = {isa = PBXFileReference; fileEncoding = 4; lastKnownFileType = sourcecode.c.h; path = nd_vm.h; sourceTree = "<group>"; };
		07A269AB19C80DA500F51698 /* applib.h */ = {isa = PBXFileReference; fileEncoding = 4; lastKnownFileType = sourcecode.c.h; path = applib.h; sourceTree = "<group>"; };
		07A269AC19C80DA500F51698 /* nd_affair.h */ = {isa = PBXFileReference; fileEncoding = 4; lastKnownFileType = sourcecode.c.h; path = nd_affair.h; sourceTree = "<group>"; };
		07A269AD19C80DA500F51698 /* nd_cmmgr.h */ = {isa = PBXFileReference; fileEncoding = 4; lastKnownFileType = sourcecode.c.h; path = nd_cmmgr.h; sourceTree = "<group>"; };
		07A269AE19C80DA500F51698 /* nd_connector.h */ = {isa = PBXFileReference; fileEncoding = 4; lastKnownFileType = sourcecode.c.h; path = nd_connector.h; sourceTree = "<group>"; };
		07A269AF19C80DA500F51698 /* nd_containerXL.h */ = {isa = PBXFileReference; fileEncoding = 4; lastKnownFileType = sourcecode.c.h; path = nd_containerXL.h; sourceTree = "<group>"; };
		07A269B019C80DA500F51698 /* nd_instance.h */ = {isa = PBXFileReference; fileEncoding = 4; lastKnownFileType = sourcecode.c.h; path = nd_instance.h; sourceTree = "<group>"; };
		07A269B119C80DA500F51698 /* nd_listener.h */ = {isa = PBXFileReference; fileEncoding = 4; lastKnownFileType = sourcecode.c.h; path = nd_listener.h; sourceTree = "<group>"; };
		07A269B219C80DA500F51698 /* nd_lockhelper.h */ = {isa = PBXFileReference; fileEncoding = 4; lastKnownFileType = sourcecode.c.h; path = nd_lockhelper.h; sourceTree = "<group>"; };
		07A269B319C80DA500F51698 /* nd_msgpacket.h */ = {isa = PBXFileReference; fileEncoding = 4; lastKnownFileType = sourcecode.c.h; path = nd_msgpacket.h; sourceTree = "<group>"; };
		07A269B419C80DA500F51698 /* nd_object.h */ = {isa = PBXFileReference; fileEncoding = 4; lastKnownFileType = sourcecode.c.h; path = nd_object.h; sourceTree = "<group>"; };
		07A269B519C80DA500F51698 /* nd_objmgr.h */ = {isa = PBXFileReference; fileEncoding = 4; lastKnownFileType = sourcecode.c.h; path = nd_objmgr.h; sourceTree = "<group>"; };
		07A269B619C80DA500F51698 /* nd_session.h */ = {isa = PBXFileReference; fileEncoding = 4; lastKnownFileType = sourcecode.c.h; path = nd_session.h; sourceTree = "<group>"; };
		07A269B719C80DA500F51698 /* readcfg.h */ = {isa = PBXFileReference; fileEncoding = 4; lastKnownFileType = sourcecode.c.h; path = readcfg.h; sourceTree = "<group>"; };
		07A269B919C80DA500F51698 /* nd_api_c.h */ = {isa = PBXFileReference; fileEncoding = 4; lastKnownFileType = sourcecode.c.h; path = nd_api_c.h; sourceTree = "<group>"; };
		07A269BA19C80DA500F51698 /* nd_iconn.h */ = {isa = PBXFileReference; fileEncoding = 4; lastKnownFileType = sourcecode.c.h; path = nd_iconn.h; sourceTree = "<group>"; };
		07A269BC19C80DA500F51698 /* nd_allocator.h */ = {isa = PBXFileReference; fileEncoding = 4; lastKnownFileType = sourcecode.c.h; path = nd_allocator.h; sourceTree = "<group>"; };
		07A269BD19C80DA500F51698 /* nd_array.h */ = {isa = PBXFileReference; fileEncoding = 4; lastKnownFileType = sourcecode.c.h; path = nd_array.h; sourceTree = "<group>"; };
		07A269BE19C80DA500F51698 /* nd_new.h */ = {isa = PBXFileReference; fileEncoding = 4; lastKnownFileType = sourcecode.c.h; path = nd_new.h; sourceTree = "<group>"; };
		07A269BF19C80DA500F51698 /* nd_rbtree.h */ = {isa = PBXFileReference; fileEncoding = 4; lastKnownFileType = sourcecode.c.h; path = nd_rbtree.h; sourceTree = "<group>"; };
		07A269C019C80DA500F51698 /* nd_reftree.h */ = {isa = PBXFileReference; fileEncoding = 4; lastKnownFileType = sourcecode.c.h; path = nd_reftree.h; sourceTree = "<group>"; };
		07A269C119C80DA500F51698 /* nd_safemap.h */ = {isa = PBXFileReference; fileEncoding = 4; lastKnownFileType = sourcecode.c.h; path = nd_safemap.h; sourceTree = "<group>"; };
		07A269C219C80DA500F51698 /* nd_stllist.h */ = {isa = PBXFileReference; fileEncoding = 4; lastKnownFileType = sourcecode.c.h; path = nd_stllist.h; sourceTree = "<group>"; };
		07A269C319C80DA500F51698 /* nd_stlmap.h */ = {isa = PBXFileReference; fileEncoding = 4; lastKnownFileType = sourcecode.c.h; path = nd_stlmap.h; sourceTree = "<group>"; };
		07A269C419C80DA500F51698 /* nd_stlset.h */ = {isa = PBXFileReference; fileEncoding = 4; lastKnownFileType = sourcecode.c.h; path = nd_stlset.h; sourceTree = "<group>"; };
		07A269C519C80DA500F51698 /* nd_text.h */ = {isa = PBXFileReference; fileEncoding = 4; lastKnownFileType = sourcecode.c.h; path = nd_text.h; sourceTree = "<group>"; };
		07A269C619C80DA500F51698 /* nd_utility.h */ = {isa = PBXFileReference; fileEncoding = 4; lastKnownFileType = sourcecode.c.h; path = nd_utility.h; sourceTree = "<group>"; };
		07A269C719C80DA500F51698 /* nd_vector.h */ = {isa = PBXFileReference; fileEncoding = 4; lastKnownFileType = sourcecode.c.h; path = nd_vector.h; sourceTree = "<group>"; };
		07A269C919C80DA500F51698 /* Makefile */ = {isa = PBXFileReference; fileEncoding = 4; lastKnownFileType = sourcecode.make; path = Makefile; sourceTree = "<group>"; };
		07A269CC19C80DA500F51698 /* Makefile */ = {isa = PBXFileReference; fileEncoding = 4; lastKnownFileType = sourcecode.make; path = Makefile; sourceTree = "<group>"; };
		07A269F119C80DA600F51698 /* bintree.c */ = {isa = PBXFileReference; fileEncoding = 4; lastKnownFileType = sourcecode.c.c; path = bintree.c; sourceTree = "<group>"; };
		07A269F219C80DA600F51698 /* callstack.c */ = {isa = PBXFileReference; fileEncoding = 4; lastKnownFileType = sourcecode.c.c; path = callstack.c; sourceTree = "<group>"; };
		07A269F319C80DA600F51698 /* common.c */ = {isa = PBXFileReference; fileEncoding = 4; lastKnownFileType = sourcecode.c.c; path = common.c; sourceTree = "<group>"; };
		07A269F419C80DA600F51698 /* nd_handle.c */ = {isa = PBXFileReference; fileEncoding = 4; lastKnownFileType = sourcecode.c.c; path = nd_handle.c; sourceTree = "<group>"; };
		07A269F519C80DA600F51698 /* nd_mempool.c */ = {isa = PBXFileReference; fileEncoding = 4; lastKnownFileType = sourcecode.c.c; path = nd_mempool.c; sourceTree = "<group>"; };
		07A269F619C80DA600F51698 /* nd_mutex.c */ = {isa = PBXFileReference; fileEncoding = 4; lastKnownFileType = sourcecode.c.c; path = nd_mutex.c; sourceTree = "<group>"; };
		07A269F719C80DA600F51698 /* nd_static_alloc.c */ = {isa = PBXFileReference; fileEncoding = 4; lastKnownFileType = sourcecode.c.c; path = nd_static_alloc.c; sourceTree = "<group>"; };
		07A269F819C80DA600F51698 /* nd_str.c */ = {isa = PBXFileReference; fileEncoding = 4; lastKnownFileType = sourcecode.c.c; path = nd_str.c; sourceTree = "<group>"; };
		07A269F919C80DA600F51698 /* nd_timer.c */ = {isa = PBXFileReference; fileEncoding = 4; lastKnownFileType = sourcecode.c.c; path = nd_timer.c; sourceTree = "<group>"; };
		07A269FA19C80DA600F51698 /* nd_trace.c */ = {isa = PBXFileReference; fileEncoding = 4; lastKnownFileType = sourcecode.c.c; path = nd_trace.c; sourceTree = "<group>"; };
		07A269FB19C80DA600F51698 /* nd_unix.c */ = {isa = PBXFileReference; fileEncoding = 4; lastKnownFileType = sourcecode.c.c; path = nd_unix.c; sourceTree = "<group>"; };
		07A269FC19C80DA600F51698 /* nd_win.c */ = {isa = PBXFileReference; fileEncoding = 4; lastKnownFileType = sourcecode.c.c; path = nd_win.c; sourceTree = "<group>"; };
		07A269FD19C80DA600F51698 /* nd_xml.c */ = {isa = PBXFileReference; fileEncoding = 4; lastKnownFileType = sourcecode.c.c; path = nd_xml.c; sourceTree = "<group>"; };
		07A269FE19C80DA600F51698 /* nddir.c */ = {isa = PBXFileReference; fileEncoding = 4; lastKnownFileType = sourcecode.c.c; path = nddir.c; sourceTree = "<group>"; };
		07A269FF19C80DA600F51698 /* node_mgr.c */ = {isa = PBXFileReference; fileEncoding = 4; lastKnownFileType = sourcecode.c.c; path = node_mgr.c; sourceTree = "<group>"; };
		07A26A0019C80DA600F51698 /* recbuf.c */ = {isa = PBXFileReference; fileEncoding = 4; lastKnownFileType = sourcecode.c.c; path = recbuf.c; sourceTree = "<group>"; };
		07A26A0119C80DA600F51698 /* source_log.c */ = {isa = PBXFileReference; fileEncoding = 4; lastKnownFileType = sourcecode.c.c; path = source_log.c; sourceTree = "<group>"; };
		07A26A0319C80DA600F51698 /* Makefile */ = {isa = PBXFileReference; fileEncoding = 4; lastKnownFileType = sourcecode.make; path = Makefile; sourceTree = "<group>"; };
		07A26A2A19C80DA600F51698 /* desc.c */ = {isa = PBXFileReference; fileEncoding = 4; lastKnownFileType = sourcecode.c.c; path = desc.c; sourceTree = "<group>"; };
		07A26A2B19C80DA600F51698 /* digit.c */ = {isa = PBXFileReference; fileEncoding = 4; lastKnownFileType = sourcecode.c.c; path = digit.c; sourceTree = "<group>"; };
		07A26A2C19C80DA600F51698 /* md2c.c */ = {isa = PBXFileReference; fileEncoding = 4; lastKnownFileType = sourcecode.c.c; path = md2c.c; sourceTree = "<group>"; };
		07A26A2D19C80DA600F51698 /* md5c.c */ = {isa = PBXFileReference; fileEncoding = 4; lastKnownFileType = sourcecode.c.c; path = md5c.c; sourceTree = "<group>"; };
		07A26A2E19C80DA600F51698 /* nn.c */ = {isa = PBXFileReference; fileEncoding = 4; lastKnownFileType = sourcecode.c.c; path = nn.c; sourceTree = "<group>"; };
		07A26A2F19C80DA600F51698 /* prime.c */ = {isa = PBXFileReference; fileEncoding = 4; lastKnownFileType = sourcecode.c.c; path = prime.c; sourceTree = "<group>"; };
		07A26A3019C80DA600F51698 /* r_dh.c */ = {isa = PBXFileReference; fileEncoding = 4; lastKnownFileType = sourcecode.c.c; path = r_dh.c; sourceTree = "<group>"; };
		07A26A3119C80DA600F51698 /* r_encode.c */ = {isa = PBXFileReference; fileEncoding = 4; lastKnownFileType = sourcecode.c.c; path = r_encode.c; sourceTree = "<group>"; };
		07A26A3219C80DA600F51698 /* r_enhanc.c */ = {isa = PBXFileReference; fileEncoding = 4; lastKnownFileType = sourcecode.c.c; path = r_enhanc.c; sourceTree = "<group>"; };
		07A26A3319C80DA600F51698 /* r_keygen.c */ = {isa = PBXFileReference; fileEncoding = 4; lastKnownFileType = sourcecode.c.c; path = r_keygen.c; sourceTree = "<group>"; };
		07A26A3419C80DA600F51698 /* r_random.c */ = {isa = PBXFileReference; fileEncoding = 4; lastKnownFileType = sourcecode.c.c; path = r_random.c; sourceTree = "<group>"; };
		07A26A3519C80DA600F51698 /* r_stdlib.c */ = {isa = PBXFileReference; fileEncoding = 4; lastKnownFileType = sourcecode.c.c; path = r_stdlib.c; sourceTree = "<group>"; };
		07A26A3619C80DA600F51698 /* rsa.c */ = {isa = PBXFileReference; fileEncoding = 4; lastKnownFileType = sourcecode.c.c; path = rsa.c; sourceTree = "<group>"; };
		07A26A3819C80DA600F51698 /* nd_cryptfile.c */ = {isa = PBXFileReference; fileEncoding = 4; lastKnownFileType = sourcecode.c.c; path = nd_cryptfile.c; sourceTree = "<group>"; };
		07A26A3919C80DA600F51698 /* nd_pubkey.c */ = {isa = PBXFileReference; fileEncoding = 4; lastKnownFileType = sourcecode.c.c; path = nd_pubkey.c; sourceTree = "<group>"; };
		07A26A3A19C80DA600F51698 /* ndcrypt.c */ = {isa = PBXFileReference; fileEncoding = 4; lastKnownFileType = sourcecode.c.c; path = ndcrypt.c; sourceTree = "<group>"; };
		07A26A3B19C80DA600F51698 /* ndrsa.c */ = {isa = PBXFileReference; fileEncoding = 4; lastKnownFileType = sourcecode.c.c; path = ndrsa.c; sourceTree = "<group>"; };
		07A26A3C19C80DA600F51698 /* tea.c */ = {isa = PBXFileReference; fileEncoding = 4; lastKnownFileType = sourcecode.c.c; path = tea.c; sourceTree = "<group>"; };
		07A26A3E19C80DA600F51698 /* Makefile */ = {isa = PBXFileReference; fileEncoding = 4; lastKnownFileType = sourcecode.make; path = Makefile; sourceTree = "<group>"; };
		07A26A5D19C80DA600F51698 /* ipraw.c */ = {isa = PBXFileReference; fileEncoding = 4; lastKnownFileType = sourcecode.c.c; path = ipraw.c; sourceTree = "<group>"; };
		07A26A5E19C80DA600F51698 /* nd_msgentry.c */ = {isa = PBXFileReference; fileEncoding = 4; lastKnownFileType = sourcecode.c.c; path = nd_msgentry.c; sourceTree = "<group>"; };
		07A26A5F19C80DA600F51698 /* nd_net.c */ = {isa = PBXFileReference; fileEncoding = 4; lastKnownFileType = sourcecode.c.c; path = nd_net.c; sourceTree = "<group>"; };
		07A26A6019C80DA600F51698 /* nd_netobj.c */ = {isa = PBXFileReference; fileEncoding = 4; lastKnownFileType = sourcecode.c.c; path = nd_netobj.c; sourceTree = "<group>"; };
		07A26A6119C80DA600F51698 /* nd_netui.c */ = {isa = PBXFileReference; fileEncoding = 4; lastKnownFileType = sourcecode.c.c; path = nd_netui.c; sourceTree = "<group>"; };
		07A26A6219C80DA600F51698 /* nd_socket.c */ = {isa = PBXFileReference; fileEncoding = 4; lastKnownFileType = sourcecode.c.c; path = nd_socket.c; sourceTree = "<group>"; };
		07A26A6319C80DA600F51698 /* nd_tcp.c */ = {isa = PBXFileReference; fileEncoding = 4; lastKnownFileType = sourcecode.c.c; path = nd_tcp.c; sourceTree = "<group>"; };
		07A26A6419C80DA600F51698 /* nd_udp.c */ = {isa = PBXFileReference; fileEncoding = 4; lastKnownFileType = sourcecode.c.c; path = nd_udp.c; sourceTree = "<group>"; };
		07A26A6519C80DA600F51698 /* net_srv.c */ = {isa = PBXFileReference; fileEncoding = 4; lastKnownFileType = sourcecode.c.c; path = net_srv.c; sourceTree = "<group>"; };
		07A26A6619C80DA600F51698 /* proxy_cli.c */ = {isa = PBXFileReference; fileEncoding = 4; lastKnownFileType = sourcecode.c.c; path = proxy_cli.c; sourceTree = "<group>"; };
		07A26A6719C80DA600F51698 /* udt_icmp.c */ = {isa = PBXFileReference; fileEncoding = 4; lastKnownFileType = sourcecode.c.c; path = udt_icmp.c; sourceTree = "<group>"; };
		07A26A6819C80DA600F51698 /* udt_net.c */ = {isa = PBXFileReference; fileEncoding = 4; lastKnownFileType = sourcecode.c.c; path = udt_net.c; sourceTree = "<group>"; };
		07A26A6919C80DA600F51698 /* udt_socket.c */ = {isa = PBXFileReference; fileEncoding = 4; lastKnownFileType = sourcecode.c.c; path = udt_socket.c; sourceTree = "<group>"; };
		07A26A6A19C80DA600F51698 /* udt_srv.c */ = {isa = PBXFileReference; fileEncoding = 4; lastKnownFileType = sourcecode.c.c; path = udt_srv.c; sourceTree = "<group>"; };
		07A26AD319C80DA600F51698 /* msg_format.cpp */ = {isa = PBXFileReference; fileEncoding = 4; lastKnownFileType = sourcecode.cpp.cpp; path = msg_format.cpp; sourceTree = "<group>"; };
		07A26AD419C80DA600F51698 /* nd_connector.c */ = {isa = PBXFileReference; fileEncoding = 4; lastKnownFileType = sourcecode.c.c; path = nd_connector.c; sourceTree = "<group>"; };
		07A26AD619C80DA600F51698 /* nd_connector.cpp */ = {isa = PBXFileReference; fileEncoding = 4; lastKnownFileType = sourcecode.cpp.cpp; path = nd_connector.cpp; sourceTree = "<group>"; };
		07A26AD719C80DA600F51698 /* Rules.make */ = {isa = PBXFileReference; fileEncoding = 4; lastKnownFileType = text; path = Rules.make; sourceTree = "<group>"; };
		07A26C6619C80DFA00F51698 /* nd_msgpack.cpp */ = {isa = PBXFileReference; fileEncoding = 4; lastKnownFileType = sourcecode.cpp.cpp; name = nd_msgpack.cpp; path = ../../src/ndapplib/nd_msgpack.cpp; sourceTree = "<group>"; };
/* End PBXFileReference section */

/* Begin PBXFrameworksBuildPhase section */
		07A2695919C80B1500F51698 /* Frameworks */ = {
			isa = PBXFrameworksBuildPhase;
			buildActionMask = 2147483647;
			files = (
			);
			runOnlyForDeploymentPostprocessing = 0;
		};
/* End PBXFrameworksBuildPhase section */

/* Begin PBXGroup section */
		07A2695319C80B1500F51698 = {
			isa = PBXGroup;
			children = (
				07A2696619C80D8300F51698 /* ndsdk */,
				07A2695E19C80B1500F51698 /* ndcli_unity_mac */,
				07A2695D19C80B1500F51698 /* Products */,
			);
			sourceTree = "<group>";
		};
		07A2695D19C80B1500F51698 /* Products */ = {
			isa = PBXGroup;
			children = (
				07A2695C19C80B1500F51698 /* ndcli_unity_mac.bundle */,
			);
			name = Products;
			sourceTree = "<group>";
		};
		07A2695E19C80B1500F51698 /* ndcli_unity_mac */ = {
			isa = PBXGroup;
			children = (
				07A2695F19C80B1500F51698 /* Supporting Files */,
			);
			path = ndcli_unity_mac;
			sourceTree = "<group>";
		};
		07A2695F19C80B1500F51698 /* Supporting Files */ = {
			isa = PBXGroup;
			children = (
				07A2696019C80B1500F51698 /* Info.plist */,
			);
			name = "Supporting Files";
			sourceTree = "<group>";
		};
		07A2696619C80D8300F51698 /* ndsdk */ = {
			isa = PBXGroup;
			children = (
				07A26C6619C80DFA00F51698 /* nd_msgpack.cpp */,
				07A2696719C80DA500F51698 /* include */,
				07A269C819C80DA500F51698 /* src */,
			);
			name = ndsdk;
			sourceTree = "<group>";
		};
		07A2696719C80DA500F51698 /* include */ = {
			isa = PBXGroup;
			children = (
				07A2696819C80DA500F51698 /* nd_common */,
				07A2697F19C80DA500F51698 /* nd_crypt */,
				07A2698F19C80DA500F51698 /* nd_msg.h */,
				07A2699019C80DA500F51698 /* nd_net */,
				07A269A019C80DA500F51698 /* nd_srvcore */,
				07A269A819C80DA500F51698 /* nd_vm */,
				07A269AA19C80DA500F51698 /* ndapplib */,
				07A269B819C80DA500F51698 /* ndcli */,
				07A269BB19C80DA500F51698 /* ndstl */,
			);
			name = include;
			path = ../../include;
			sourceTree = "<group>";
		};
		07A2696819C80DA500F51698 /* nd_common */ = {
			isa = PBXGroup;
			children = (
				07A2696919C80DA500F51698 /* list.h */,
				07A2696A19C80DA500F51698 /* nd_alloc.h */,
				07A2696B19C80DA500F51698 /* nd_atomic.h */,
				07A2696C19C80DA500F51698 /* nd_bintree.h */,
				07A2696D19C80DA500F51698 /* nd_comcfg.h */,
				07A2696E19C80DA500F51698 /* nd_comdef.h */,
				07A2696F19C80DA500F51698 /* nd_common.h */,
				07A2697019C80DA500F51698 /* nd_dbg.h */,
				07A2697119C80DA500F51698 /* nd_define.h */,
				07A2697219C80DA500F51698 /* nd_handle.h */,
				07A2697319C80DA500F51698 /* nd_mempool.h */,
				07A2697419C80DA500F51698 /* nd_node_mgr.h */,
				07A2697519C80DA500F51698 /* nd_os.h */,
				07A2697619C80DA500F51698 /* nd_recbuf.h */,
				07A2697719C80DA500F51698 /* nd_static_alloc.h */,
				07A2697819C80DA500F51698 /* nd_str.h */,
				07A2697919C80DA500F51698 /* nd_timer.h */,
				07A2697A19C80DA500F51698 /* nd_unix.h */,
				07A2697B19C80DA500F51698 /* nd_win.h */,
				07A2697C19C80DA500F51698 /* nd_xml.h */,
				07A2697D19C80DA500F51698 /* ndchar.h */,
				07A2697E19C80DA500F51698 /* nddir.h */,
			);
			path = nd_common;
			sourceTree = "<group>";
		};
		07A2697F19C80DA500F51698 /* nd_crypt */ = {
			isa = PBXGroup;
			children = (
				07A2698019C80DA500F51698 /* nd_crypt.h */,
				07A2698119C80DA500F51698 /* nd_cryptfile.h */,
				07A2698219C80DA500F51698 /* nd_pubkey.h */,
				07A2698319C80DA500F51698 /* rsah */,
				07A2698E19C80DA500F51698 /* tea.h */,
			);
			path = nd_crypt;
			sourceTree = "<group>";
		};
		07A2698319C80DA500F51698 /* rsah */ = {
			isa = PBXGroup;
			children = (
				07A2698419C80DA500F51698 /* des.h */,
				07A2698519C80DA500F51698 /* digit.h */,
				07A2698619C80DA500F51698 /* global.h */,
				07A2698719C80DA500F51698 /* md2.h */,
				07A2698819C80DA500F51698 /* md5.h */,
				07A2698919C80DA500F51698 /* nn.h */,
				07A2698A19C80DA500F51698 /* prime.h */,
				07A2698B19C80DA500F51698 /* r_random.h */,
				07A2698C19C80DA500F51698 /* rsa.h */,
				07A2698D19C80DA500F51698 /* rsaref.h */,
			);
			path = rsah;
			sourceTree = "<group>";
		};
		07A2699019C80DA500F51698 /* nd_net */ = {
			isa = PBXGroup;
			children = (
				07A2699119C80DA500F51698 /* byte_order.h */,
				07A2699219C80DA500F51698 /* nd_iphdr.h */,
				07A2699319C80DA500F51698 /* nd_msgentry.h */,
				07A2699419C80DA500F51698 /* nd_netcrypt.h */,
				07A2699519C80DA500F51698 /* nd_netioctl.h */,
				07A2699619C80DA500F51698 /* nd_netlib.h */,
				07A2699719C80DA500F51698 /* nd_netobj.h */,
				07A2699819C80DA500F51698 /* nd_netpack.h */,
				07A2699919C80DA500F51698 /* nd_netui.h */,
				07A2699A19C80DA500F51698 /* nd_sock.h */,
				07A2699B19C80DA500F51698 /* nd_srv.h */,
				07A2699C19C80DA500F51698 /* nd_tcp.h */,
				07A2699D19C80DA500F51698 /* nd_udp.h */,
				07A2699E19C80DA500F51698 /* nd_udt.h */,
				07A2699F19C80DA500F51698 /* nd_udthdr.h */,
			);
			path = nd_net;
			sourceTree = "<group>";
		};
		07A269A019C80DA500F51698 /* nd_srvcore */ = {
			isa = PBXGroup;
			children = (
				07A269A119C80DA500F51698 /* client_map.h */,
				07A269A219C80DA500F51698 /* nd_listensrv.h */,
				07A269A319C80DA500F51698 /* nd_session.h */,
				07A269A419C80DA500F51698 /* nd_srvlib.h */,
				07A269A519C80DA500F51698 /* nd_thpool.h */,
				07A269A619C80DA500F51698 /* nd_threadmsgid.h */,
				07A269A719C80DA500F51698 /* nd_threadsrv.h */,
			);
			path = nd_srvcore;
			sourceTree = "<group>";
		};
		07A269A819C80DA500F51698 /* nd_vm */ = {
			isa = PBXGroup;
			children = (
				07A269A919C80DA500F51698 /* nd_vm.h */,
			);
			path = nd_vm;
			sourceTree = "<group>";
		};
		07A269AA19C80DA500F51698 /* ndapplib */ = {
			isa = PBXGroup;
			children = (
				07A269AB19C80DA500F51698 /* applib.h */,
				07A269AC19C80DA500F51698 /* nd_affair.h */,
				07A269AD19C80DA500F51698 /* nd_cmmgr.h */,
				07A269AE19C80DA500F51698 /* nd_connector.h */,
				07A269AF19C80DA500F51698 /* nd_containerXL.h */,
				07A269B019C80DA500F51698 /* nd_instance.h */,
				07A269B119C80DA500F51698 /* nd_listener.h */,
				07A269B219C80DA500F51698 /* nd_lockhelper.h */,
				07A269B319C80DA500F51698 /* nd_msgpacket.h */,
				07A269B419C80DA500F51698 /* nd_object.h */,
				07A269B519C80DA500F51698 /* nd_objmgr.h */,
				07A269B619C80DA500F51698 /* nd_session.h */,
				07A269B719C80DA500F51698 /* readcfg.h */,
			);
			path = ndapplib;
			sourceTree = "<group>";
		};
		07A269B819C80DA500F51698 /* ndcli */ = {
			isa = PBXGroup;
			children = (
				07A269B919C80DA500F51698 /* nd_api_c.h */,
				07A269BA19C80DA500F51698 /* nd_iconn.h */,
			);
			path = ndcli;
			sourceTree = "<group>";
		};
		07A269BB19C80DA500F51698 /* ndstl */ = {
			isa = PBXGroup;
			children = (
				07A269BC19C80DA500F51698 /* nd_allocator.h */,
				07A269BD19C80DA500F51698 /* nd_array.h */,
				07A269BE19C80DA500F51698 /* nd_new.h */,
				07A269BF19C80DA500F51698 /* nd_rbtree.h */,
				07A269C019C80DA500F51698 /* nd_reftree.h */,
				07A269C119C80DA500F51698 /* nd_safemap.h */,
				07A269C219C80DA500F51698 /* nd_stllist.h */,
				07A269C319C80DA500F51698 /* nd_stlmap.h */,
				07A269C419C80DA500F51698 /* nd_stlset.h */,
				07A269C519C80DA500F51698 /* nd_text.h */,
				07A269C619C80DA500F51698 /* nd_utility.h */,
				07A269C719C80DA500F51698 /* nd_vector.h */,
			);
			path = ndstl;
			sourceTree = "<group>";
		};
		07A269C819C80DA500F51698 /* src */ = {
			isa = PBXGroup;
			children = (
				07A269C919C80DA500F51698 /* Makefile */,
				07A269CA19C80DA500F51698 /* nd_common */,
				07A26A0219C80DA600F51698 /* nd_crypt */,
				07A26A3D19C80DA600F51698 /* nd_net */,
				07A26AD119C80DA600F51698 /* ndclient */,
				07A26AD719C80DA600F51698 /* Rules.make */,
			);
			name = src;
			path = ../../src;
			sourceTree = "<group>";
		};
		07A269CA19C80DA500F51698 /* nd_common */ = {
			isa = PBXGroup;
			children = (
				07A269CC19C80DA500F51698 /* Makefile */,
				07A269F019C80DA600F51698 /* src */,
			);
			path = nd_common;
			sourceTree = "<group>";
		};
		07A269F019C80DA600F51698 /* src */ = {
			isa = PBXGroup;
			children = (
				07A269F119C80DA600F51698 /* bintree.c */,
				07A269F219C80DA600F51698 /* callstack.c */,
				07A269F319C80DA600F51698 /* common.c */,
				07A269F419C80DA600F51698 /* nd_handle.c */,
				07A269F519C80DA600F51698 /* nd_mempool.c */,
				07A269F619C80DA600F51698 /* nd_mutex.c */,
				07A269F719C80DA600F51698 /* nd_static_alloc.c */,
				07A269F819C80DA600F51698 /* nd_str.c */,
				07A269F919C80DA600F51698 /* nd_timer.c */,
				07A269FA19C80DA600F51698 /* nd_trace.c */,
				07A269FB19C80DA600F51698 /* nd_unix.c */,
				07A269FC19C80DA600F51698 /* nd_win.c */,
				07A269FD19C80DA600F51698 /* nd_xml.c */,
				07A269FE19C80DA600F51698 /* nddir.c */,
				07A269FF19C80DA600F51698 /* node_mgr.c */,
				07A26A0019C80DA600F51698 /* recbuf.c */,
				07A26A0119C80DA600F51698 /* source_log.c */,
			);
			path = src;
			sourceTree = "<group>";
		};
		07A26A0219C80DA600F51698 /* nd_crypt */ = {
			isa = PBXGroup;
			children = (
				07A26A0319C80DA600F51698 /* Makefile */,
				07A26A2919C80DA600F51698 /* rsa */,
				07A26A3719C80DA600F51698 /* src */,
			);
			path = nd_crypt;
			sourceTree = "<group>";
		};
		07A26A2919C80DA600F51698 /* rsa */ = {
			isa = PBXGroup;
			children = (
				07A26A2A19C80DA600F51698 /* desc.c */,
				07A26A2B19C80DA600F51698 /* digit.c */,
				07A26A2C19C80DA600F51698 /* md2c.c */,
				07A26A2D19C80DA600F51698 /* md5c.c */,
				07A26A2E19C80DA600F51698 /* nn.c */,
				07A26A2F19C80DA600F51698 /* prime.c */,
				07A26A3019C80DA600F51698 /* r_dh.c */,
				07A26A3119C80DA600F51698 /* r_encode.c */,
				07A26A3219C80DA600F51698 /* r_enhanc.c */,
				07A26A3319C80DA600F51698 /* r_keygen.c */,
				07A26A3419C80DA600F51698 /* r_random.c */,
				07A26A3519C80DA600F51698 /* r_stdlib.c */,
				07A26A3619C80DA600F51698 /* rsa.c */,
			);
			path = rsa;
			sourceTree = "<group>";
		};
		07A26A3719C80DA600F51698 /* src */ = {
			isa = PBXGroup;
			children = (
				07A26A3819C80DA600F51698 /* nd_cryptfile.c */,
				07A26A3919C80DA600F51698 /* nd_pubkey.c */,
				07A26A3A19C80DA600F51698 /* ndcrypt.c */,
				07A26A3B19C80DA600F51698 /* ndrsa.c */,
				07A26A3C19C80DA600F51698 /* tea.c */,
			);
			path = src;
			sourceTree = "<group>";
		};
		07A26A3D19C80DA600F51698 /* nd_net */ = {
			isa = PBXGroup;
			children = (
				07A26A3E19C80DA600F51698 /* Makefile */,
				07A26A5C19C80DA600F51698 /* src */,
			);
			path = nd_net;
			sourceTree = "<group>";
		};
		07A26A5C19C80DA600F51698 /* src */ = {
			isa = PBXGroup;
			children = (
				07A26A5D19C80DA600F51698 /* ipraw.c */,
				07A26A5E19C80DA600F51698 /* nd_msgentry.c */,
				07A26A5F19C80DA600F51698 /* nd_net.c */,
				07A26A6019C80DA600F51698 /* nd_netobj.c */,
				07A26A6119C80DA600F51698 /* nd_netui.c */,
				07A26A6219C80DA600F51698 /* nd_socket.c */,
				07A26A6319C80DA600F51698 /* nd_tcp.c */,
				07A26A6419C80DA600F51698 /* nd_udp.c */,
				07A26A6519C80DA600F51698 /* net_srv.c */,
				07A26A6619C80DA600F51698 /* proxy_cli.c */,
				07A26A6719C80DA600F51698 /* udt_icmp.c */,
				07A26A6819C80DA600F51698 /* udt_net.c */,
				07A26A6919C80DA600F51698 /* udt_socket.c */,
				07A26A6A19C80DA600F51698 /* udt_srv.c */,
			);
			path = src;
			sourceTree = "<group>";
		};
		07A26AD119C80DA600F51698 /* ndclient */ = {
			isa = PBXGroup;
			children = (
				07A26AD219C80DA600F51698 /* c_api */,
				07A26AD519C80DA600F51698 /* cpp_api */,
			);
			path = ndclient;
			sourceTree = "<group>";
		};
		07A26AD219C80DA600F51698 /* c_api */ = {
			isa = PBXGroup;
			children = (
				07A26AD319C80DA600F51698 /* msg_format.cpp */,
				07A26AD419C80DA600F51698 /* nd_connector.c */,
			);
			path = c_api;
			sourceTree = "<group>";
		};
		07A26AD519C80DA600F51698 /* cpp_api */ = {
			isa = PBXGroup;
			children = (
				07A26AD619C80DA600F51698 /* nd_connector.cpp */,
			);
			path = cpp_api;
			sourceTree = "<group>";
		};
/* End PBXGroup section */

/* Begin PBXNativeTarget section */
		07A2695B19C80B1500F51698 /* ndcli_unity_mac */ = {
			isa = PBXNativeTarget;
			buildConfigurationList = 07A2696319C80B1500F51698 /* Build configuration list for PBXNativeTarget "ndcli_unity_mac" */;
			buildPhases = (
				07A2695819C80B1500F51698 /* Sources */,
				07A2695919C80B1500F51698 /* Frameworks */,
				07A2695A19C80B1500F51698 /* Resources */,
				07A26C6919C8113100F51698 /* CopyFiles */,
			);
			buildRules = (
			);
			dependencies = (
			);
			name = ndcli_unity_mac;
			productName = ndcli_unity_mac;
			productReference = 07A2695C19C80B1500F51698 /* ndcli_unity_mac.bundle */;
			productType = "com.apple.product-type.bundle";
		};
/* End PBXNativeTarget section */

/* Begin PBXProject section */
		07A2695419C80B1500F51698 /* Project object */ = {
			isa = PBXProject;
			attributes = {
				LastUpgradeCheck = 0600;
				ORGANIZATIONNAME = duanxiuyun;
				TargetAttributes = {
					07A2695B19C80B1500F51698 = {
						CreatedOnToolsVersion = 6.0;
					};
				};
			};
			buildConfigurationList = 07A2695719C80B1500F51698 /* Build configuration list for PBXProject "ndcli_unity_mac" */;
			compatibilityVersion = "Xcode 3.2";
			developmentRegion = English;
			hasScannedForEncodings = 0;
			knownRegions = (
				en,
			);
			mainGroup = 07A2695319C80B1500F51698;
			productRefGroup = 07A2695D19C80B1500F51698 /* Products */;
			projectDirPath = "";
			projectRoot = "";
			targets = (
				07A2695B19C80B1500F51698 /* ndcli_unity_mac */,
			);
		};
/* End PBXProject section */

/* Begin PBXResourcesBuildPhase section */
		07A2695A19C80B1500F51698 /* Resources */ = {
			isa = PBXResourcesBuildPhase;
			buildActionMask = 2147483647;
			files = (
				07A26C2719C80DA600F51698 /* Rules.make in Resources */,
			);
			runOnlyForDeploymentPostprocessing = 0;
		};
/* End PBXResourcesBuildPhase section */

/* Begin PBXSourcesBuildPhase section */
		07A2695819C80B1500F51698 /* Sources */ = {
			isa = PBXSourcesBuildPhase;
			buildActionMask = 2147483647;
			files = (
				07A26B8F19C80DA600F51698 /* md5c.c in Sources */,
				07A26BBE19C80DA600F51698 /* nd_netobj.c in Sources */,
				07A26B9819C80DA600F51698 /* rsa.c in Sources */,
				07A26B8D19C80DA600F51698 /* digit.c in Sources */,
				07A26B5619C80DA600F51698 /* bintree.c in Sources */,
				07A26BC619C80DA600F51698 /* udt_net.c in Sources */,
				07A26B6719C80DA600F51698 /* Makefile in Sources */,
				07A26B5B19C80DA600F51698 /* nd_mutex.c in Sources */,
				07A26B9E19C80DA600F51698 /* Makefile in Sources */,
				07A26BC219C80DA600F51698 /* nd_udp.c in Sources */,
				07A26B5D19C80DA600F51698 /* nd_str.c in Sources */,
				07A26B9519C80DA600F51698 /* r_keygen.c in Sources */,
				07A26C6719C80DFA00F51698 /* nd_msgpack.cpp in Sources */,
				07A26BBD19C80DA600F51698 /* nd_net.c in Sources */,
				07A26B9119C80DA600F51698 /* prime.c in Sources */,
				07A26BBC19C80DA600F51698 /* nd_msgentry.c in Sources */,
				07A26B9919C80DA600F51698 /* nd_cryptfile.c in Sources */,
				07A26B6519C80DA600F51698 /* recbuf.c in Sources */,
				07A26B8E19C80DA600F51698 /* md2c.c in Sources */,
				07A26B5A19C80DA600F51698 /* nd_mempool.c in Sources */,
				07A26B6319C80DA600F51698 /* nddir.c in Sources */,
				07A26B5C19C80DA600F51698 /* nd_static_alloc.c in Sources */,
				07A26B9219C80DA600F51698 /* r_dh.c in Sources */,
				07A26B9619C80DA600F51698 /* r_random.c in Sources */,
				07A26C2519C80DA600F51698 /* nd_connector.c in Sources */,
				07A26B9319C80DA600F51698 /* r_encode.c in Sources */,
				07A26BC319C80DA600F51698 /* net_srv.c in Sources */,
				07A26BBF19C80DA600F51698 /* nd_netui.c in Sources */,
				07A26BC519C80DA600F51698 /* udt_icmp.c in Sources */,
				07A26BC419C80DA600F51698 /* proxy_cli.c in Sources */,
				07A26B5E19C80DA600F51698 /* nd_timer.c in Sources */,
				07A26B8C19C80DA600F51698 /* desc.c in Sources */,
				07A26BC119C80DA600F51698 /* nd_tcp.c in Sources */,
				07A26BC019C80DA600F51698 /* nd_socket.c in Sources */,
				07A26C2619C80DA600F51698 /* nd_connector.cpp in Sources */,
				07A26B3319C80DA600F51698 /* Makefile in Sources */,
				07A26B6619C80DA600F51698 /* source_log.c in Sources */,
				07A26B6219C80DA600F51698 /* nd_xml.c in Sources */,
				07A26BC719C80DA600F51698 /* udt_socket.c in Sources */,
				07A26BC819C80DA600F51698 /* udt_srv.c in Sources */,
				07A26B6019C80DA600F51698 /* nd_unix.c in Sources */,
				07A26B9019C80DA600F51698 /* nn.c in Sources */,
				07A26B3119C80DA600F51698 /* Makefile in Sources */,
				07A26B6419C80DA600F51698 /* node_mgr.c in Sources */,
				07A26B9B19C80DA600F51698 /* ndcrypt.c in Sources */,
				07A26BBB19C80DA600F51698 /* ipraw.c in Sources */,
				07A26B5919C80DA600F51698 /* nd_handle.c in Sources */,
				07A26B6119C80DA600F51698 /* nd_win.c in Sources */,
				07A26B9C19C80DA600F51698 /* ndrsa.c in Sources */,
				07A26B9D19C80DA600F51698 /* tea.c in Sources */,
				07A26C2419C80DA600F51698 /* msg_format.cpp in Sources */,
				07A26B9419C80DA600F51698 /* r_enhanc.c in Sources */,
				07A26B5719C80DA600F51698 /* callstack.c in Sources */,
				07A26B5819C80DA600F51698 /* common.c in Sources */,
				07A26B5F19C80DA600F51698 /* nd_trace.c in Sources */,
				07A26B9A19C80DA600F51698 /* nd_pubkey.c in Sources */,
				07A26B9719C80DA600F51698 /* r_stdlib.c in Sources */,
			);
			runOnlyForDeploymentPostprocessing = 0;
		};
/* End PBXSourcesBuildPhase section */

/* Begin XCBuildConfiguration section */
		07A2696119C80B1500F51698 /* Debug */ = {
			isa = XCBuildConfiguration;
			buildSettings = {
				ALWAYS_SEARCH_USER_PATHS = NO;
				CLANG_CXX_LANGUAGE_STANDARD = "gnu++0x";
				CLANG_CXX_LIBRARY = "libc++";
				CLANG_ENABLE_MODULES = YES;
				CLANG_ENABLE_OBJC_ARC = YES;
				CLANG_WARN_BOOL_CONVERSION = YES;
				CLANG_WARN_CONSTANT_CONVERSION = YES;
				CLANG_WARN_DIRECT_OBJC_ISA_USAGE = YES_ERROR;
				CLANG_WARN_EMPTY_BODY = YES;
				CLANG_WARN_ENUM_CONVERSION = YES;
				CLANG_WARN_INT_CONVERSION = YES;
				CLANG_WARN_OBJC_ROOT_CLASS = YES_ERROR;
				CLANG_WARN_UNREACHABLE_CODE = YES;
				CLANG_WARN__DUPLICATE_METHOD_MATCH = YES;
				COPY_PHASE_STRIP = NO;
				ENABLE_STRICT_OBJC_MSGSEND = YES;
				GCC_C_LANGUAGE_STANDARD = gnu99;
				GCC_DYNAMIC_NO_PIC = NO;
				GCC_OPTIMIZATION_LEVEL = 0;
				GCC_PREPROCESSOR_DEFINITIONS = (
					"DEBUG=1",
					"$(inherited)",
				);
				GCC_SYMBOLS_PRIVATE_EXTERN = NO;
				GCC_WARN_64_TO_32_BIT_CONVERSION = YES;
				GCC_WARN_ABOUT_RETURN_TYPE = YES_ERROR;
				GCC_WARN_UNDECLARED_SELECTOR = YES;
				GCC_WARN_UNINITIALIZED_AUTOS = YES_AGGRESSIVE;
				GCC_WARN_UNUSED_FUNCTION = YES;
				GCC_WARN_UNUSED_VARIABLE = YES;
				MACOSX_DEPLOYMENT_TARGET = 10.9;
				MTL_ENABLE_DEBUG_INFO = YES;
				ONLY_ACTIVE_ARCH = YES;
				SDKROOT = macosx;
			};
			name = Debug;
		};
		07A2696219C80B1500F51698 /* Release */ = {
			isa = XCBuildConfiguration;
			buildSettings = {
				ALWAYS_SEARCH_USER_PATHS = NO;
				CLANG_CXX_LANGUAGE_STANDARD = "gnu++0x";
				CLANG_CXX_LIBRARY = "libc++";
				CLANG_ENABLE_MODULES = YES;
				CLANG_ENABLE_OBJC_ARC = YES;
				CLANG_WARN_BOOL_CONVERSION = YES;
				CLANG_WARN_CONSTANT_CONVERSION = YES;
				CLANG_WARN_DIRECT_OBJC_ISA_USAGE = YES_ERROR;
				CLANG_WARN_EMPTY_BODY = YES;
				CLANG_WARN_ENUM_CONVERSION = YES;
				CLANG_WARN_INT_CONVERSION = YES;
				CLANG_WARN_OBJC_ROOT_CLASS = YES_ERROR;
				CLANG_WARN_UNREACHABLE_CODE = YES;
				CLANG_WARN__DUPLICATE_METHOD_MATCH = YES;
				COPY_PHASE_STRIP = YES;
				DEBUG_INFORMATION_FORMAT = "dwarf-with-dsym";
				ENABLE_NS_ASSERTIONS = NO;
				ENABLE_STRICT_OBJC_MSGSEND = YES;
				GCC_C_LANGUAGE_STANDARD = gnu99;
				GCC_WARN_64_TO_32_BIT_CONVERSION = YES;
				GCC_WARN_ABOUT_RETURN_TYPE = YES_ERROR;
				GCC_WARN_UNDECLARED_SELECTOR = YES;
				GCC_WARN_UNINITIALIZED_AUTOS = YES_AGGRESSIVE;
				GCC_WARN_UNUSED_FUNCTION = YES;
				GCC_WARN_UNUSED_VARIABLE = YES;
				MACOSX_DEPLOYMENT_TARGET = 10.9;
				MTL_ENABLE_DEBUG_INFO = NO;
				SDKROOT = macosx;
			};
			name = Release;
		};
		07A2696419C80B1500F51698 /* Debug */ = {
			isa = XCBuildConfiguration;
			buildSettings = {
				COMBINE_HIDPI_IMAGES = YES;
				GCC_PREPROCESSOR_DEFINITIONS = (
					__MAC_OS__,
					ND_UNIX,
					ND_DEBUG,
					"$(inherited)",
				);
				INFOPLIST_FILE = ndcli_unity_mac/Info.plist;
				INSTALL_PATH = "$(LOCAL_LIBRARY_DIR)/Bundles";
				PRODUCT_NAME = "$(TARGET_NAME)";
				SKIP_INSTALL = YES;
				USER_HEADER_SEARCH_PATHS = ../../include;
				WRAPPER_EXTENSION = bundle;
			};
			name = Debug;
		};
		07A2696519C80B1500F51698 /* Release */ = {
			isa = XCBuildConfiguration;
			buildSettings = {
				COMBINE_HIDPI_IMAGES = YES;
				GCC_PREPROCESSOR_DEFINITIONS = (
					__MAC_OS__,
					ND_UNIX,
				);
				INFOPLIST_FILE = ndcli_unity_mac/Info.plist;
				INSTALL_PATH = "$(LOCAL_LIBRARY_DIR)/Bundles";
				PRODUCT_NAME = "$(TARGET_NAME)";
				SKIP_INSTALL = YES;
				USER_HEADER_SEARCH_PATHS = ../../include;
				WRAPPER_EXTENSION = bundle;
			};
			name = Release;
		};
/* End XCBuildConfiguration section */

/* Begin XCConfigurationList section */
		07A2695719C80B1500F51698 /* Build configuration list for PBXProject "ndcli_unity_mac" */ = {
			isa = XCConfigurationList;
			buildConfigurations = (
				07A2696119C80B1500F51698 /* Debug */,
				07A2696219C80B1500F51698 /* Release */,
			);
			defaultConfigurationIsVisible = 0;
			defaultConfigurationName = Release;
		};
		07A2696319C80B1500F51698 /* Build configuration list for PBXNativeTarget "ndcli_unity_mac" */ = {
			isa = XCConfigurationList;
			buildConfigurations = (
				07A2696419C80B1500F51698 /* Debug */,
				07A2696519C80B1500F51698 /* Release */,
			);
			defaultConfigurationIsVisible = 0;
		};
/* End XCConfigurationList section */
	};
	rootObject = 07A2695419C80B1500F51698 /* Project object */;
}
