
Microsoft Visual Studio Solution File, Format Version 11.00
# Visual Studio 2010
Project("{8BC9CEB8-8B4A-11D0-8D11-00A0C91BC942}") = "nd_common", "nd_common\nd_common.vcxproj", "{FAF28734-8A28-4AE6-8FC4-0341FC39136F}"
EndProject
Project("{8BC9CEB8-8B4A-11D0-8D11-00A0C91BC942}") = "nd_crypt", "nd_crypt\nd_crypt.vcxproj", "{30FF5B31-8906-4602-9771-C656ACAAD46A}"
EndProject
Project("{8BC9CEB8-8B4A-11D0-8D11-00A0C91BC942}") = "nd_net", "nd_net\nd_net.vcxproj", "{B0FE74C4-319F-442B-9F22-01AFC9E0F3CB}"
EndProject
Project("{8BC9CEB8-8B4A-11D0-8D11-00A0C91BC942}") = "nd_srvcore", "nd_srvcore\nd_srvcore.vcxproj", "{6E013EA0-3494-496E-A2CD-0E6F9068189B}"
EndProject
Project("{8BC9CEB8-8B4A-11D0-8D11-00A0C91BC942}") = "nd_app", "nd_app\nd_app.vcxproj", "{15E4A948-FE70-4314-809A-FA40AD8E4999}"
EndProject
Project("{8BC9CEB8-8B4A-11D0-8D11-00A0C91BC942}") = "nd_appcpp", "nd_appcpp\nd_appcpp.vcxproj", "{6C73CA45-1A42-44C3-89F0-69D2B25C7581}"
EndProject
Project("{8BC9CEB8-8B4A-11D0-8D11-00A0C91BC942}") = "nd_cliapp", "nd_cliapp\nd_cliapp.vcxproj", "{092ED7DE-1B92-4695-8850-4DBD2E0D8988}"
EndProject
Project("{8BC9CEB8-8B4A-11D0-8D11-00A0C91BC942}") = "vs10_static_cli", "vs10_static_cli\vs10_static_cli.vcxproj", "{76090541-EC9F-498E-A21C-F858897DF691}"
EndProject
Project("{8BC9CEB8-8B4A-11D0-8D11-00A0C91BC942}") = "srv_libs", "srv_libs\srv_libs.vcxproj", "{EEED0DC2-2515-4263-93AA-D9670CD89ACC}"
EndProject
Global
	GlobalSection(SolutionConfigurationPlatforms) = preSolution
		Debug|Win32 = Debug|Win32
		Release|Win32 = Release|Win32
	EndGlobalSection
	GlobalSection(ProjectConfigurationPlatforms) = postSolution
		{FAF28734-8A28-4AE6-8FC4-0341FC39136F}.Debug|Win32.ActiveCfg = Debug|Win32
		{FAF28734-8A28-4AE6-8FC4-0341FC39136F}.Debug|Win32.Build.0 = Debug|Win32
		{FAF28734-8A28-4AE6-8FC4-0341FC39136F}.Release|Win32.ActiveCfg = Release|Win32
		{FAF28734-8A28-4AE6-8FC4-0341FC39136F}.Release|Win32.Build.0 = Release|Win32
		{30FF5B31-8906-4602-9771-C656ACAAD46A}.Debug|Win32.ActiveCfg = Debug|Win32
		{30FF5B31-8906-4602-9771-C656ACAAD46A}.Debug|Win32.Build.0 = Debug|Win32
		{30FF5B31-8906-4602-9771-C656ACAAD46A}.Release|Win32.ActiveCfg = Release|Win32
		{30FF5B31-8906-4602-9771-C656ACAAD46A}.Release|Win32.Build.0 = Release|Win32
		{B0FE74C4-319F-442B-9F22-01AFC9E0F3CB}.Debug|Win32.ActiveCfg = Debug|Win32
		{B0FE74C4-319F-442B-9F22-01AFC9E0F3CB}.Debug|Win32.Build.0 = Debug|Win32
		{B0FE74C4-319F-442B-9F22-01AFC9E0F3CB}.Release|Win32.ActiveCfg = Release|Win32
		{B0FE74C4-319F-442B-9F22-01AFC9E0F3CB}.Release|Win32.Build.0 = Release|Win32
		{6E013EA0-3494-496E-A2CD-0E6F9068189B}.Debug|Win32.ActiveCfg = Debug|Win32
		{6E013EA0-3494-496E-A2CD-0E6F9068189B}.Debug|Win32.Build.0 = Debug|Win32
		{6E013EA0-3494-496E-A2CD-0E6F9068189B}.Release|Win32.ActiveCfg = Release|Win32
		{6E013EA0-3494-496E-A2CD-0E6F9068189B}.Release|Win32.Build.0 = Release|Win32
		{15E4A948-FE70-4314-809A-FA40AD8E4999}.Debug|Win32.ActiveCfg = Debug|Win32
		{15E4A948-FE70-4314-809A-FA40AD8E4999}.Debug|Win32.Build.0 = Debug|Win32
		{15E4A948-FE70-4314-809A-FA40AD8E4999}.Release|Win32.ActiveCfg = Release|Win32
		{15E4A948-FE70-4314-809A-FA40AD8E4999}.Release|Win32.Build.0 = Release|Win32
		{6C73CA45-1A42-44C3-89F0-69D2B25C7581}.Debug|Win32.ActiveCfg = Debug|Win32
		{6C73CA45-1A42-44C3-89F0-69D2B25C7581}.Debug|Win32.Build.0 = Debug|Win32
		{6C73CA45-1A42-44C3-89F0-69D2B25C7581}.Release|Win32.ActiveCfg = Release|Win32
		{6C73CA45-1A42-44C3-89F0-69D2B25C7581}.Release|Win32.Build.0 = Release|Win32
		{092ED7DE-1B92-4695-8850-4DBD2E0D8988}.Debug|Win32.ActiveCfg = Debug|Win32
		{092ED7DE-1B92-4695-8850-4DBD2E0D8988}.Debug|Win32.Build.0 = Debug|Win32
		{092ED7DE-1B92-4695-8850-4DBD2E0D8988}.Release|Win32.ActiveCfg = Release|Win32
		{092ED7DE-1B92-4695-8850-4DBD2E0D8988}.Release|Win32.Build.0 = Release|Win32
		{76090541-EC9F-498E-A21C-F858897DF691}.Debug|Win32.ActiveCfg = Debug|Win32
		{76090541-EC9F-498E-A21C-F858897DF691}.Debug|Win32.Build.0 = Debug|Win32
		{76090541-EC9F-498E-A21C-F858897DF691}.Release|Win32.ActiveCfg = Release|Win32
		{76090541-EC9F-498E-A21C-F858897DF691}.Release|Win32.Build.0 = Release|Win32
		{EEED0DC2-2515-4263-93AA-D9670CD89ACC}.Debug|Win32.ActiveCfg = Debug|Win32
		{EEED0DC2-2515-4263-93AA-D9670CD89ACC}.Debug|Win32.Build.0 = Debug|Win32
		{EEED0DC2-2515-4263-93AA-D9670CD89ACC}.Release|Win32.ActiveCfg = Release|Win32
		{EEED0DC2-2515-4263-93AA-D9670CD89ACC}.Release|Win32.Build.0 = Release|Win32
	EndGlobalSection
	GlobalSection(SolutionProperties) = preSolution
		HideSolutionNode = FALSE
	EndGlobalSection
EndGlobal
