<?xml version="1.0" encoding="utf-8"?>
<Project ToolsVersion="4.0" xmlns="http://schemas.microsoft.com/developer/msbuild/2003">
  <ItemGroup>
    <Filter Include="Source Files">
      <UniqueIdentifier>{4FC737F1-C7A5-4376-A066-2A32D752A2FF}</UniqueIdentifier>
      <Extensions>cpp;c;cc;cxx;def;odl;idl;hpj;bat;asm;asmx</Extensions>
    </Filter>
    <Filter Include="Header Files">
      <UniqueIdentifier>{93995380-89BD-4b04-88EB-625FBE52EBFB}</UniqueIdentifier>
      <Extensions>h;hh;hpp;hxx;hm;inl;inc;ipp;xsd</Extensions>
    </Filter>
    <Filter Include="Resource Files">
      <UniqueIdentifier>{67DA6AB6-F800-4c08-8B7A-83BB121AAD01}</UniqueIdentifier>
      <Extensions>rc;ico;cur;bmp;dlg;rc2;rct;bin;rgs;gif;jpg;jpeg;jpe;resx;tiff;tif;png;wav;mfcribbon-ms</Extensions>
    </Filter>
    <Filter Include="Source Files\net">
      <UniqueIdentifier>{1030840b-a7da-46b8-9721-7fed3d807733}</UniqueIdentifier>
    </Filter>
    <Filter Include="Source Files\ndapplib">
      <UniqueIdentifier>{bec50d46-e9b7-48ac-b767-50a217c5a4da}</UniqueIdentifier>
    </Filter>
    <Filter Include="Header Files\nd_net">
      <UniqueIdentifier>{b04dfeb0-f353-4852-8ef5-7312e3389350}</UniqueIdentifier>
    </Filter>
    <Filter Include="Header Files\ndapplib">
      <UniqueIdentifier>{82dc41d2-8422-47e2-9235-c610e79d25dd}</UniqueIdentifier>
    </Filter>
    <Filter Include="Header Files\ndstl">
      <UniqueIdentifier>{df357d4a-4ae1-4ee9-ae14-b8e20692ea44}</UniqueIdentifier>
    </Filter>
    <Filter Include="Header Files\common">
      <UniqueIdentifier>{8f68dcb8-6508-48e1-b43a-73a3c5596a64}</UniqueIdentifier>
    </Filter>
    <Filter Include="Header Files\crypt">
      <UniqueIdentifier>{635bc6ba-ad41-4237-a2e6-7b160c8d48da}</UniqueIdentifier>
    </Filter>
    <Filter Include="Header Files\ndvm">
      <UniqueIdentifier>{75b0f86c-7db0-482b-898a-97185dda8905}</UniqueIdentifier>
    </Filter>
    <Filter Include="Source Files\srvcoe">
      <UniqueIdentifier>{74b34401-3a97-4da3-916c-b667ffadce91}</UniqueIdentifier>
    </Filter>
    <Filter Include="Header Files\srvcore">
      <UniqueIdentifier>{f7fa491c-05f8-4119-b55d-4786130f4118}</UniqueIdentifier>
    </Filter>
  </ItemGroup>
  <ItemGroup>
    <ClCompile Include="..\..\..\src\nd_net\src\ipraw.c">
      <Filter>Source Files\net</Filter>
    </ClCompile>
    <ClCompile Include="..\..\..\src\nd_net\src\nd_msgentry.c">
      <Filter>Source Files\net</Filter>
    </ClCompile>
    <ClCompile Include="..\..\..\src\nd_net\src\nd_net.c">
      <Filter>Source Files\net</Filter>
    </ClCompile>
    <ClCompile Include="..\..\..\src\nd_net\src\nd_netobj.c">
      <Filter>Source Files\net</Filter>
    </ClCompile>
    <ClCompile Include="..\..\..\src\nd_net\src\nd_netui.c">
      <Filter>Source Files\net</Filter>
    </ClCompile>
    <ClCompile Include="..\..\..\src\nd_net\src\nd_socket.c">
      <Filter>Source Files\net</Filter>
    </ClCompile>
    <ClCompile Include="..\..\..\src\nd_net\src\nd_tcp.c">
      <Filter>Source Files\net</Filter>
    </ClCompile>
    <ClCompile Include="..\..\..\src\nd_net\src\nd_udp.c">
      <Filter>Source Files\net</Filter>
    </ClCompile>
    <ClCompile Include="..\..\..\src\nd_net\src\net_srv.c">
      <Filter>Source Files\net</Filter>
    </ClCompile>
    <ClCompile Include="..\..\..\src\nd_net\src\proxy_cli.c">
      <Filter>Source Files\net</Filter>
    </ClCompile>
    <ClCompile Include="..\..\..\src\nd_net\src\udt_net.c">
      <Filter>Source Files\net</Filter>
    </ClCompile>
    <ClCompile Include="..\..\..\src\nd_net\src\udt_socket.c">
      <Filter>Source Files\net</Filter>
    </ClCompile>
    <ClCompile Include="..\..\..\src\nd_net\src\udt_srv.c">
      <Filter>Source Files\net</Filter>
    </ClCompile>
    <ClCompile Include="..\..\..\src\ndapplib\httpParser.cpp">
      <Filter>Source Files\ndapplib</Filter>
    </ClCompile>
    <ClCompile Include="..\..\..\src\ndapplib\misc.cpp">
      <Filter>Source Files\ndapplib</Filter>
    </ClCompile>
    <ClCompile Include="..\..\..\src\ndapplib\nd_affair.cpp">
      <Filter>Source Files\ndapplib</Filter>
    </ClCompile>
    <ClCompile Include="..\..\..\src\ndapplib\nd_alarms.cpp">
      <Filter>Source Files\ndapplib</Filter>
    </ClCompile>
    <ClCompile Include="..\..\..\src\ndapplib\nd_cmmgr.cpp">
      <Filter>Source Files\ndapplib</Filter>
    </ClCompile>
    <ClCompile Include="..\..\..\src\ndapplib\nd_connector.cpp">
      <Filter>Source Files\ndapplib</Filter>
    </ClCompile>
    <ClCompile Include="..\..\..\src\ndapplib\nd_httpListener.cpp">
      <Filter>Source Files\ndapplib</Filter>
    </ClCompile>
    <ClCompile Include="..\..\..\src\ndapplib\nd_instance.cpp">
      <Filter>Source Files\ndapplib</Filter>
    </ClCompile>
    <ClCompile Include="..\..\..\src\ndapplib\nd_listener.cpp">
      <Filter>Source Files\ndapplib</Filter>
    </ClCompile>
    <ClCompile Include="..\..\..\src\ndapplib\nd_msgpack.cpp">
      <Filter>Source Files\ndapplib</Filter>
    </ClCompile>
    <ClCompile Include="..\..\..\src\ndapplib\nd_new.cpp">
      <Filter>Source Files\ndapplib</Filter>
    </ClCompile>
    <ClCompile Include="..\..\..\src\ndapplib\nd_object.cpp">
      <Filter>Source Files\ndapplib</Filter>
    </ClCompile>
    <ClCompile Include="..\..\..\src\ndapplib\nd_objmgr.cpp">
      <Filter>Source Files\ndapplib</Filter>
    </ClCompile>
    <ClCompile Include="..\..\..\src\ndapplib\nd_privkey.cpp">
      <Filter>Source Files\ndapplib</Filter>
    </ClCompile>
    <ClCompile Include="..\..\..\src\ndapplib\nd_session.cpp">
      <Filter>Source Files\ndapplib</Filter>
    </ClCompile>
    <ClCompile Include="..\..\..\src\ndapplib\nd_stlalloc.cpp">
      <Filter>Source Files\ndapplib</Filter>
    </ClCompile>
    <ClCompile Include="..\..\..\src\ndapplib\nd_sysmsg.cpp">
      <Filter>Source Files\ndapplib</Filter>
    </ClCompile>
    <ClCompile Include="..\..\..\src\ndapplib\nd_version.cpp">
      <Filter>Source Files\ndapplib</Filter>
    </ClCompile>
    <ClCompile Include="..\..\..\src\ndapplib\readcfg.cpp">
      <Filter>Source Files\ndapplib</Filter>
    </ClCompile>
    <ClCompile Include="..\..\..\src\ndapplib\unix_sig.c">
      <Filter>Source Files\ndapplib</Filter>
    </ClCompile>
    <ClCompile Include="..\..\..\src\ndapplib\nd_baseConn.cpp">
      <Filter>Source Files\ndapplib</Filter>
    </ClCompile>
    <ClCompile Include="..\..\..\src\ndapplib\nd_protoStream.cpp">
      <Filter>Source Files\ndapplib</Filter>
    </ClCompile>
    <ClCompile Include="..\..\..\src\ndapplib\nd_vartype.cpp">
      <Filter>Source Files\ndapplib</Filter>
    </ClCompile>
    <ClCompile Include="..\..\..\src\nd_srvcore\src\nd_thmsg.c">
      <Filter>Source Files\srvcoe</Filter>
    </ClCompile>
    <ClCompile Include="..\..\..\src\nd_srvcore\src\session.c">
      <Filter>Source Files\srvcoe</Filter>
    </ClCompile>
    <ClCompile Include="..\..\..\src\nd_srvcore\src\udp_listen.c">
      <Filter>Source Files\srvcoe</Filter>
    </ClCompile>
    <ClCompile Include="..\..\..\src\nd_srvcore\win_iocp\nd_iocp.c">
      <Filter>Source Files\srvcoe</Filter>
    </ClCompile>
    <ClCompile Include="..\..\..\src\nd_srvcore\win_iocp\thread_iocp.c">
      <Filter>Source Files\srvcoe</Filter>
    </ClCompile>
    <ClCompile Include="..\..\..\src\nd_srvcore\src\nd_srvobj.c">
      <Filter>Source Files\srvcoe</Filter>
    </ClCompile>
    <ClCompile Include="..\..\..\src\nd_srvcore\src\nd_listenth.c">
      <Filter>Source Files\srvcoe</Filter>
    </ClCompile>
    <ClCompile Include="..\..\..\src\nd_srvcore\src\nd_srvlib.c">
      <Filter>Source Files\srvcoe</Filter>
    </ClCompile>
    <ClCompile Include="..\..\..\src\nd_srvcore\src\nd_thread.c">
      <Filter>Source Files\srvcoe</Filter>
    </ClCompile>
  </ItemGroup>
  <ItemGroup>
    <None Include="..\..\..\src\ndapplib\Makefile">
      <Filter>Source Files\ndapplib</Filter>
    </None>
  </ItemGroup>
  <ItemGroup>
    <ClInclude Include="..\..\..\include\nd_net\byte_order.h">
      <Filter>Header Files\nd_net</Filter>
    </ClInclude>
    <ClInclude Include="..\..\..\include\nd_net\nd_iphdr.h">
      <Filter>Header Files\nd_net</Filter>
    </ClInclude>
    <ClInclude Include="..\..\..\include\nd_net\nd_msgentry.h">
      <Filter>Header Files\nd_net</Filter>
    </ClInclude>
    <ClInclude Include="..\..\..\include\nd_net\nd_netbyte.h">
      <Filter>Header Files\nd_net</Filter>
    </ClInclude>
    <ClInclude Include="..\..\..\include\nd_net\nd_netcrypt.h">
      <Filter>Header Files\nd_net</Filter>
    </ClInclude>
    <ClInclude Include="..\..\..\include\nd_net\nd_netioctl.h">
      <Filter>Header Files\nd_net</Filter>
    </ClInclude>
    <ClInclude Include="..\..\..\include\nd_net\nd_netlib.h">
      <Filter>Header Files\nd_net</Filter>
    </ClInclude>
    <ClInclude Include="..\..\..\include\nd_net\nd_netobj.h">
      <Filter>Header Files\nd_net</Filter>
    </ClInclude>
    <ClInclude Include="..\..\..\include\nd_net\nd_netpack.h">
      <Filter>Header Files\nd_net</Filter>
    </ClInclude>
    <ClInclude Include="..\..\..\include\nd_net\nd_netui.h">
      <Filter>Header Files\nd_net</Filter>
    </ClInclude>
    <ClInclude Include="..\..\..\include\nd_net\nd_sock.h">
      <Filter>Header Files\nd_net</Filter>
    </ClInclude>
    <ClInclude Include="..\..\..\include\nd_net\nd_srv.h">
      <Filter>Header Files\nd_net</Filter>
    </ClInclude>
    <ClInclude Include="..\..\..\include\nd_net\nd_tcp.h">
      <Filter>Header Files\nd_net</Filter>
    </ClInclude>
    <ClInclude Include="..\..\..\include\nd_net\nd_udp.h">
      <Filter>Header Files\nd_net</Filter>
    </ClInclude>
    <ClInclude Include="..\..\..\include\nd_net\nd_udt.h">
      <Filter>Header Files\nd_net</Filter>
    </ClInclude>
    <ClInclude Include="..\..\..\include\nd_net\nd_udthdr.h">
      <Filter>Header Files\nd_net</Filter>
    </ClInclude>
    <ClInclude Include="..\..\..\include\ndapplib\applib.h">
      <Filter>Header Files\ndapplib</Filter>
    </ClInclude>
    <ClInclude Include="..\..\..\include\ndapplib\httpParser.h">
      <Filter>Header Files\ndapplib</Filter>
    </ClInclude>
    <ClInclude Include="..\..\..\include\ndapplib\nd_affair.h">
      <Filter>Header Files\ndapplib</Filter>
    </ClInclude>
    <ClInclude Include="..\..\..\include\ndapplib\nd_alarms.h">
      <Filter>Header Files\ndapplib</Filter>
    </ClInclude>
    <ClInclude Include="..\..\..\include\ndapplib\nd_cmmgr.h">
      <Filter>Header Files\ndapplib</Filter>
    </ClInclude>
    <ClInclude Include="..\..\..\include\ndapplib\nd_connector.h">
      <Filter>Header Files\ndapplib</Filter>
    </ClInclude>
    <ClInclude Include="..\..\..\include\ndapplib\nd_containerXL.h">
      <Filter>Header Files\ndapplib</Filter>
    </ClInclude>
    <ClInclude Include="..\..\..\include\ndapplib\nd_datatransfer.h">
      <Filter>Header Files\ndapplib</Filter>
    </ClInclude>
    <ClInclude Include="..\..\..\include\ndapplib\nd_httpListener.h">
      <Filter>Header Files\ndapplib</Filter>
    </ClInclude>
    <ClInclude Include="..\..\..\include\ndapplib\nd_iBaseObj.h">
      <Filter>Header Files\ndapplib</Filter>
    </ClInclude>
    <ClInclude Include="..\..\..\include\ndapplib\nd_instance.h">
      <Filter>Header Files\ndapplib</Filter>
    </ClInclude>
    <ClInclude Include="..\..\..\include\ndapplib\nd_listener.h">
      <Filter>Header Files\ndapplib</Filter>
    </ClInclude>
    <ClInclude Include="..\..\..\include\ndapplib\nd_lockhelper.h">
      <Filter>Header Files\ndapplib</Filter>
    </ClInclude>
    <ClInclude Include="..\..\..\include\ndapplib\nd_msgpacket.h">
      <Filter>Header Files\ndapplib</Filter>
    </ClInclude>
    <ClInclude Include="..\..\..\include\ndapplib\nd_object.h">
      <Filter>Header Files\ndapplib</Filter>
    </ClInclude>
    <ClInclude Include="..\..\..\include\ndapplib\nd_objmgr.h">
      <Filter>Header Files\ndapplib</Filter>
    </ClInclude>
    <ClInclude Include="..\..\..\include\ndapplib\nd_session.h">
      <Filter>Header Files\ndapplib</Filter>
    </ClInclude>
    <ClInclude Include="..\..\..\include\ndapplib\nd_sysmsg.h">
      <Filter>Header Files\ndapplib</Filter>
    </ClInclude>
    <ClInclude Include="..\..\..\include\ndapplib\ndsingleton.h">
      <Filter>Header Files\ndapplib</Filter>
    </ClInclude>
    <ClInclude Include="..\..\..\include\ndapplib\readcfg.h">
      <Filter>Header Files\ndapplib</Filter>
    </ClInclude>
    <ClInclude Include="..\..\..\include\ndstl\nd_allocator.h">
      <Filter>Header Files\ndstl</Filter>
    </ClInclude>
    <ClInclude Include="..\..\..\include\ndstl\nd_array.h">
      <Filter>Header Files\ndstl</Filter>
    </ClInclude>
    <ClInclude Include="..\..\..\include\ndstl\nd_new.h">
      <Filter>Header Files\ndstl</Filter>
    </ClInclude>
    <ClInclude Include="..\..\..\include\ndstl\nd_rbtree.h">
      <Filter>Header Files\ndstl</Filter>
    </ClInclude>
    <ClInclude Include="..\..\..\include\ndstl\nd_reftree.h">
      <Filter>Header Files\ndstl</Filter>
    </ClInclude>
    <ClInclude Include="..\..\..\include\ndstl\nd_safemap.h">
      <Filter>Header Files\ndstl</Filter>
    </ClInclude>
    <ClInclude Include="..\..\..\include\ndstl\nd_stllist.h">
      <Filter>Header Files\ndstl</Filter>
    </ClInclude>
    <ClInclude Include="..\..\..\include\ndstl\nd_stlmap.h">
      <Filter>Header Files\ndstl</Filter>
    </ClInclude>
    <ClInclude Include="..\..\..\include\ndstl\nd_stlset.h">
      <Filter>Header Files\ndstl</Filter>
    </ClInclude>
    <ClInclude Include="..\..\..\include\ndstl\nd_text.h">
      <Filter>Header Files\ndstl</Filter>
    </ClInclude>
    <ClInclude Include="..\..\..\include\ndstl\nd_utility.h">
      <Filter>Header Files\ndstl</Filter>
    </ClInclude>
    <ClInclude Include="..\..\..\include\ndstl\nd_vector.h">
      <Filter>Header Files\ndstl</Filter>
    </ClInclude>
    <ClInclude Include="..\..\..\include\nd_common\cJSON.h">
      <Filter>Header Files\common</Filter>
    </ClInclude>
    <ClInclude Include="..\..\..\include\nd_common\list.h">
      <Filter>Header Files\common</Filter>
    </ClInclude>
    <ClInclude Include="..\..\..\include\nd_common\nddir.h">
      <Filter>Header Files\common</Filter>
    </ClInclude>
    <ClInclude Include="..\..\..\include\nd_common\nd_alloc.h">
      <Filter>Header Files\common</Filter>
    </ClInclude>
    <ClInclude Include="..\..\..\include\nd_common\nd_atomic.h">
      <Filter>Header Files\common</Filter>
    </ClInclude>
    <ClInclude Include="..\..\..\include\nd_common\nd_bintree.h">
      <Filter>Header Files\common</Filter>
    </ClInclude>
    <ClInclude Include="..\..\..\include\nd_common\nd_cmdline.h">
      <Filter>Header Files\common</Filter>
    </ClInclude>
    <ClInclude Include="..\..\..\include\nd_common\nd_comcfg.h">
      <Filter>Header Files\common</Filter>
    </ClInclude>
    <ClInclude Include="..\..\..\include\nd_common\nd_common.h">
      <Filter>Header Files\common</Filter>
    </ClInclude>
    <ClInclude Include="..\..\..\include\nd_common\nd_define.h">
      <Filter>Header Files\common</Filter>
    </ClInclude>
    <ClInclude Include="..\..\..\include\nd_common\nd_export_def.h">
      <Filter>Header Files\common</Filter>
    </ClInclude>
    <ClInclude Include="..\..\..\include\nd_common\nd_handle.h">
      <Filter>Header Files\common</Filter>
    </ClInclude>
    <ClInclude Include="..\..\..\include\nd_common\nd_iconv.h">
      <Filter>Header Files\common</Filter>
    </ClInclude>
    <ClInclude Include="..\..\..\include\nd_common\nd_logger.h">
      <Filter>Header Files\common</Filter>
    </ClInclude>
    <ClInclude Include="..\..\..\include\nd_common\nd_mempool.h">
      <Filter>Header Files\common</Filter>
    </ClInclude>
    <ClInclude Include="..\..\..\include\nd_common\nd_node_mgr.h">
      <Filter>Header Files\common</Filter>
    </ClInclude>
    <ClInclude Include="..\..\..\include\nd_common\nd_os.h">
      <Filter>Header Files\common</Filter>
    </ClInclude>
    <ClInclude Include="..\..\..\include\nd_common\nd_recbuf.h">
      <Filter>Header Files\common</Filter>
    </ClInclude>
    <ClInclude Include="..\..\..\include\nd_common\nd_static_alloc.h">
      <Filter>Header Files\common</Filter>
    </ClInclude>
    <ClInclude Include="..\..\..\include\nd_common\nd_str.h">
      <Filter>Header Files\common</Filter>
    </ClInclude>
    <ClInclude Include="..\..\..\include\nd_common\nd_time.h">
      <Filter>Header Files\common</Filter>
    </ClInclude>
    <ClInclude Include="..\..\..\include\nd_common\nd_timer.h">
      <Filter>Header Files\common</Filter>
    </ClInclude>
    <ClInclude Include="..\..\..\include\nd_common\nd_trace.h">
      <Filter>Header Files\common</Filter>
    </ClInclude>
    <ClInclude Include="..\..\..\include\nd_common\nd_unix.h">
      <Filter>Header Files\common</Filter>
    </ClInclude>
    <ClInclude Include="..\..\..\include\nd_common\nd_win.h">
      <Filter>Header Files\common</Filter>
    </ClInclude>
    <ClInclude Include="..\..\..\include\nd_common\nd_xml.h">
      <Filter>Header Files\common</Filter>
    </ClInclude>
    <ClInclude Include="..\..\..\include\nd_common\_nderr.h">
      <Filter>Header Files\common</Filter>
    </ClInclude>
    <ClInclude Include="..\..\..\include\nd_common\_source_trace.h">
      <Filter>Header Files\common</Filter>
    </ClInclude>
    <ClInclude Include="..\..\..\include\nd_crypt\nd_crypt.h">
      <Filter>Header Files\crypt</Filter>
    </ClInclude>
    <ClInclude Include="..\..\..\include\nd_crypt\nd_cryptfile.h">
      <Filter>Header Files\crypt</Filter>
    </ClInclude>
    <ClInclude Include="..\..\..\include\nd_crypt\nd_pubkey.h">
      <Filter>Header Files\crypt</Filter>
    </ClInclude>
    <ClInclude Include="..\..\..\include\nd_crypt\rsah\des.h">
      <Filter>Header Files\crypt</Filter>
    </ClInclude>
    <ClInclude Include="..\..\..\include\nd_crypt\rsah\digit.h">
      <Filter>Header Files\crypt</Filter>
    </ClInclude>
    <ClInclude Include="..\..\..\include\nd_crypt\rsah\global.h">
      <Filter>Header Files\crypt</Filter>
    </ClInclude>
    <ClInclude Include="..\..\..\include\nd_crypt\rsah\md2.h">
      <Filter>Header Files\crypt</Filter>
    </ClInclude>
    <ClInclude Include="..\..\..\include\nd_crypt\rsah\md5.h">
      <Filter>Header Files\crypt</Filter>
    </ClInclude>
    <ClInclude Include="..\..\..\include\nd_crypt\rsah\nn.h">
      <Filter>Header Files\crypt</Filter>
    </ClInclude>
    <ClInclude Include="..\..\..\include\nd_crypt\rsah\prime.h">
      <Filter>Header Files\crypt</Filter>
    </ClInclude>
    <ClInclude Include="..\..\..\include\nd_crypt\rsah\rsa.h">
      <Filter>Header Files\crypt</Filter>
    </ClInclude>
    <ClInclude Include="..\..\..\include\nd_crypt\rsah\rsaref.h">
      <Filter>Header Files\crypt</Filter>
    </ClInclude>
    <ClInclude Include="..\..\..\include\nd_crypt\rsah\r_random.h">
      <Filter>Header Files\crypt</Filter>
    </ClInclude>
    <ClInclude Include="..\..\..\include\nd_crypt\tea.h">
      <Filter>Header Files\crypt</Filter>
    </ClInclude>
    <ClInclude Include="..\..\..\include\nd_vm\nd_vm.h">
      <Filter>Header Files\ndvm</Filter>
    </ClInclude>
    <ClInclude Include="..\..\..\include\ndapplib\nd_vartype.h">
      <Filter>Header Files\ndapplib</Filter>
    </ClInclude>
    <ClInclude Include="..\..\..\src\nd_srvcore\win_iocp\nd_iocp.h">
      <Filter>Source Files\srvcoe</Filter>
    </ClInclude>
    <ClInclude Include="..\..\..\include\nd_srvcore\nd_epoll.h">
      <Filter>Header Files\srvcore</Filter>
    </ClInclude>
    <ClInclude Include="..\..\..\include\nd_srvcore\nd_session.h">
      <Filter>Header Files\srvcore</Filter>
    </ClInclude>
    <ClInclude Include="..\..\..\include\nd_srvcore\nd_srvlib.h">
      <Filter>Header Files\srvcore</Filter>
    </ClInclude>
    <ClInclude Include="..\..\..\include\nd_srvcore\nd_srvobj.h">
      <Filter>Header Files\srvcore</Filter>
    </ClInclude>
    <ClInclude Include="..\..\..\include\nd_srvcore\nd_thpool.h">
      <Filter>Header Files\srvcore</Filter>
    </ClInclude>
    <ClInclude Include="..\..\..\include\nd_srvcore\nd_thread.h">
      <Filter>Header Files\srvcore</Filter>
    </ClInclude>
    <ClInclude Include="..\..\..\include\nd_srvcore\nd_threadmsgid.h">
      <Filter>Header Files\srvcore</Filter>
    </ClInclude>
  </ItemGroup>
</Project>