
Microsoft Visual Studio Solution File, Format Version 10.00
# Visual Studio 2008
Project("{8BC9CEB8-8B4A-11D0-8D11-00A0C91BC942}") = "test_srv", "test_srv\test_srv.vcproj", "{2AFE205B-423D-454C-9AAB-E22DC70B3F1D}"
	ProjectSection(ProjectDependencies) = postProject
		{4A16C638-EF9B-45A3-9BAD-A672C6DF70D7} = {4A16C638-EF9B-45A3-9BAD-A672C6DF70D7}
		{7F749C88-54DB-42D9-B4F0-87C839BA9A5E} = {7F749C88-54DB-42D9-B4F0-87C839BA9A5E}
		{E723B8A4-DD0B-4E3E-8130-BB4FCB8514E9} = {E723B8A4-DD0B-4E3E-8130-BB4FCB8514E9}
	EndProjectSection
EndProject
Project("{8BC9CEB8-8B4A-11D0-8D11-00A0C91BC942}") = "ndclient", "ndclient\ndclient.vcproj", "{8EFE1B26-DF01-4D39-A0F7-4F12932B7F28}"
EndProject
Project("{8BC9CEB8-8B4A-11D0-8D11-00A0C91BC942}") = "test", "test\test.vcproj", "{E3C56C2C-ED14-4B99-8BCF-61EA9AB4DDC9}"
EndProject
Project("{8BC9CEB8-8B4A-11D0-8D11-00A0C91BC942}") = "nd_srvcore", "..\..\src\vs9\nd_srvcore\nd_srvcore.vcproj", "{E723B8A4-DD0B-4E3E-8130-BB4FCB8514E9}"
EndProject
Project("{8BC9CEB8-8B4A-11D0-8D11-00A0C91BC942}") = "nd_net", "..\..\src\vs9\nd_net\nd_net.vcproj", "{4A16C638-EF9B-45A3-9BAD-A672C6DF70D7}"
EndProject
Project("{8BC9CEB8-8B4A-11D0-8D11-00A0C91BC942}") = "nd_common", "..\..\src\vs9\nd_common\nd_common.vcproj", "{7F749C88-54DB-42D9-B4F0-87C839BA9A5E}"
EndProject
Project("{8BC9CEB8-8B4A-11D0-8D11-00A0C91BC942}") = "nd_appcpp", "..\..\src\vs9\nd_appcpp\nd_appcpp.vcproj", "{8B608102-B38D-4B2D-AFFA-3F6A3600FD2E}"
EndProject
Project("{8BC9CEB8-8B4A-11D0-8D11-00A0C91BC942}") = "nd_app", "..\..\src\vs9\nd_app\nd_app.vcproj", "{0C52009E-5BDA-4D59-B4E6-259C2CA7AD12}"
EndProject
Project("{8BC9CEB8-8B4A-11D0-8D11-00A0C91BC942}") = "nd_cliapp", "..\..\src\vs9\nd_cliapp\nd_cliapp.vcproj", "{D645A942-9964-4F49-A5CC-797EB41214AC}"
EndProject
Project("{8BC9CEB8-8B4A-11D0-8D11-00A0C91BC942}") = "tool", "tool\tool.vcproj", "{A3CA3DD7-F63E-4155-8E16-58E02603C6C9}"
EndProject
Project("{8BC9CEB8-8B4A-11D0-8D11-00A0C91BC942}") = "proxy", "proxy\proxy.vcproj", "{F58FAF9E-C12D-4801-9D4E-802B75875F16}"
EndProject
Global
	GlobalSection(SolutionConfigurationPlatforms) = preSolution
		Debug|Win32 = Debug|Win32
		Release|Win32 = Release|Win32
	EndGlobalSection
	GlobalSection(ProjectConfigurationPlatforms) = postSolution
		{2AFE205B-423D-454C-9AAB-E22DC70B3F1D}.Debug|Win32.ActiveCfg = Debug|Win32
		{2AFE205B-423D-454C-9AAB-E22DC70B3F1D}.Debug|Win32.Build.0 = Debug|Win32
		{2AFE205B-423D-454C-9AAB-E22DC70B3F1D}.Release|Win32.ActiveCfg = Release|Win32
		{2AFE205B-423D-454C-9AAB-E22DC70B3F1D}.Release|Win32.Build.0 = Release|Win32
		{8EFE1B26-DF01-4D39-A0F7-4F12932B7F28}.Debug|Win32.ActiveCfg = Debug|Win32
		{8EFE1B26-DF01-4D39-A0F7-4F12932B7F28}.Debug|Win32.Build.0 = Debug|Win32
		{8EFE1B26-DF01-4D39-A0F7-4F12932B7F28}.Release|Win32.ActiveCfg = Release|Win32
		{8EFE1B26-DF01-4D39-A0F7-4F12932B7F28}.Release|Win32.Build.0 = Release|Win32
		{E3C56C2C-ED14-4B99-8BCF-61EA9AB4DDC9}.Debug|Win32.ActiveCfg = Debug|Win32
		{E3C56C2C-ED14-4B99-8BCF-61EA9AB4DDC9}.Debug|Win32.Build.0 = Debug|Win32
		{E3C56C2C-ED14-4B99-8BCF-61EA9AB4DDC9}.Release|Win32.ActiveCfg = Release|Win32
		{E3C56C2C-ED14-4B99-8BCF-61EA9AB4DDC9}.Release|Win32.Build.0 = Release|Win32
		{E723B8A4-DD0B-4E3E-8130-BB4FCB8514E9}.Debug|Win32.ActiveCfg = Debug|Win32
		{E723B8A4-DD0B-4E3E-8130-BB4FCB8514E9}.Debug|Win32.Build.0 = Debug|Win32
		{E723B8A4-DD0B-4E3E-8130-BB4FCB8514E9}.Release|Win32.ActiveCfg = Release|Win32
		{E723B8A4-DD0B-4E3E-8130-BB4FCB8514E9}.Release|Win32.Build.0 = Release|Win32
		{4A16C638-EF9B-45A3-9BAD-A672C6DF70D7}.Debug|Win32.ActiveCfg = Debug|Win32
		{4A16C638-EF9B-45A3-9BAD-A672C6DF70D7}.Debug|Win32.Build.0 = Debug|Win32
		{4A16C638-EF9B-45A3-9BAD-A672C6DF70D7}.Release|Win32.ActiveCfg = Release|Win32
		{4A16C638-EF9B-45A3-9BAD-A672C6DF70D7}.Release|Win32.Build.0 = Release|Win32
		{7F749C88-54DB-42D9-B4F0-87C839BA9A5E}.Debug|Win32.ActiveCfg = Debug|Win32
		{7F749C88-54DB-42D9-B4F0-87C839BA9A5E}.Debug|Win32.Build.0 = Debug|Win32
		{7F749C88-54DB-42D9-B4F0-87C839BA9A5E}.Release|Win32.ActiveCfg = Release|Win32
		{7F749C88-54DB-42D9-B4F0-87C839BA9A5E}.Release|Win32.Build.0 = Release|Win32
		{8B608102-B38D-4B2D-AFFA-3F6A3600FD2E}.Debug|Win32.ActiveCfg = Debug|Win32
		{8B608102-B38D-4B2D-AFFA-3F6A3600FD2E}.Debug|Win32.Build.0 = Debug|Win32
		{8B608102-B38D-4B2D-AFFA-3F6A3600FD2E}.Release|Win32.ActiveCfg = Release|Win32
		{8B608102-B38D-4B2D-AFFA-3F6A3600FD2E}.Release|Win32.Build.0 = Release|Win32
		{0C52009E-5BDA-4D59-B4E6-259C2CA7AD12}.Debug|Win32.ActiveCfg = Debug|Win32
		{0C52009E-5BDA-4D59-B4E6-259C2CA7AD12}.Debug|Win32.Build.0 = Debug|Win32
		{0C52009E-5BDA-4D59-B4E6-259C2CA7AD12}.Release|Win32.ActiveCfg = Release|Win32
		{0C52009E-5BDA-4D59-B4E6-259C2CA7AD12}.Release|Win32.Build.0 = Release|Win32
		{D645A942-9964-4F49-A5CC-797EB41214AC}.Debug|Win32.ActiveCfg = Debug|Win32
		{D645A942-9964-4F49-A5CC-797EB41214AC}.Debug|Win32.Build.0 = Debug|Win32
		{D645A942-9964-4F49-A5CC-797EB41214AC}.Release|Win32.ActiveCfg = Release|Win32
		{D645A942-9964-4F49-A5CC-797EB41214AC}.Release|Win32.Build.0 = Release|Win32
		{A3CA3DD7-F63E-4155-8E16-58E02603C6C9}.Debug|Win32.ActiveCfg = Debug|Win32
		{A3CA3DD7-F63E-4155-8E16-58E02603C6C9}.Debug|Win32.Build.0 = Debug|Win32
		{A3CA3DD7-F63E-4155-8E16-58E02603C6C9}.Release|Win32.ActiveCfg = Release|Win32
		{A3CA3DD7-F63E-4155-8E16-58E02603C6C9}.Release|Win32.Build.0 = Release|Win32
		{F58FAF9E-C12D-4801-9D4E-802B75875F16}.Debug|Win32.ActiveCfg = Debug|Win32
		{F58FAF9E-C12D-4801-9D4E-802B75875F16}.Debug|Win32.Build.0 = Debug|Win32
		{F58FAF9E-C12D-4801-9D4E-802B75875F16}.Release|Win32.ActiveCfg = Release|Win32
		{F58FAF9E-C12D-4801-9D4E-802B75875F16}.Release|Win32.Build.0 = Release|Win32
	EndGlobalSection
	GlobalSection(SolutionProperties) = preSolution
		HideSolutionNode = FALSE
	EndGlobalSection
EndGlobal
