
Microsoft Visual Studio Solution File, Format Version 12.00
# Visual Studio 15
VisualStudioVersion = 15.0.27428.2002
MinimumVisualStudioVersion = 10.0.40219.1
Project("{8BC9CEB8-8B4A-11D0-8D11-00A0C91BC942}") = "ndclient_s", "ndclient_s\ndclient_s.vcxproj", "{A3A77A64-318E-4F5F-BCC9-D4F690522851}"
EndProject
Project("{8BC9CEB8-8B4A-11D0-8D11-00A0C91BC942}") = "ndxmlset", "ndxmlset\ndxmlset.vcxproj", "{00A19862-A352-4450-9E63-6D196280B8DE}"
EndProject
Project("{8BC9CEB8-8B4A-11D0-8D11-00A0C91BC942}") = "ndcommon_s", "ndcommon_s\ndcommon_s.vcxproj", "{7F56C690-E138-4336-A623-34629926B8A3}"
EndProject
Project("{8BC9CEB8-8B4A-11D0-8D11-00A0C91BC942}") = "ndmonitor", "ndmonitor\ndmonitor.vcxproj", "{BF51A1B8-F0A7-4CE9-A5DE-F1486F5499DA}"
EndProject
Project("{8BC9CEB8-8B4A-11D0-8D11-00A0C91BC942}") = "ndvmdebugger", "ndvmdebugger\ndvmdebugger.vcxproj", "{7A21BEF4-B1EA-4921-B6E7-D29B15718593}"
EndProject
Project("{8BC9CEB8-8B4A-11D0-8D11-00A0C91BC942}") = "ndcommon", "ndcommon\ndcommon.vcxproj", "{8236BBCF-FEB2-4A70-A633-90488EE65D63}"
EndProject
Project("{8BC9CEB8-8B4A-11D0-8D11-00A0C91BC942}") = "ndsrv", "ndsrv\ndsrv.vcxproj", "{D30F8CA9-BAEF-4D43-9D33-7459395089BE}"
	ProjectSection(ProjectDependencies) = postProject
		{8236BBCF-FEB2-4A70-A633-90488EE65D63} = {8236BBCF-FEB2-4A70-A633-90488EE65D63}
	EndProjectSection
EndProject
Project("{8BC9CEB8-8B4A-11D0-8D11-00A0C91BC942}") = "ndclient", "ndclient\ndclient.vcxproj", "{9D4B8DB7-429A-45D2-9944-8A8EBDCA0F17}"
EndProject
Project("{8BC9CEB8-8B4A-11D0-8D11-00A0C91BC942}") = "ndsrv_s", "ndsrv_s\ndsrv_s.vcxproj", "{4B8C2AAD-9227-46E0-8787-0DF768469B48}"
EndProject
Project("{8BC9CEB8-8B4A-11D0-8D11-00A0C91BC942}") = "ndhttpcli", "ndhttpcli\ndhttpcli.vcxproj", "{98CF8D47-678D-424A-9B4C-4B6B9622AB0D}"
	ProjectSection(ProjectDependencies) = postProject
		{A3A77A64-318E-4F5F-BCC9-D4F690522851} = {A3A77A64-318E-4F5F-BCC9-D4F690522851}
	EndProjectSection
EndProject
Global
	GlobalSection(SolutionConfigurationPlatforms) = preSolution
		Debug|Win32 = Debug|Win32
		Debug|x64 = Debug|x64
		Release|Win32 = Release|Win32
		Release|x64 = Release|x64
	EndGlobalSection
	GlobalSection(ProjectConfigurationPlatforms) = postSolution
		{A3A77A64-318E-4F5F-BCC9-D4F690522851}.Debug|Win32.ActiveCfg = Debug|Win32
		{A3A77A64-318E-4F5F-BCC9-D4F690522851}.Debug|Win32.Build.0 = Debug|Win32
		{A3A77A64-318E-4F5F-BCC9-D4F690522851}.Debug|x64.ActiveCfg = Debug|x64
		{A3A77A64-318E-4F5F-BCC9-D4F690522851}.Debug|x64.Build.0 = Debug|x64
		{A3A77A64-318E-4F5F-BCC9-D4F690522851}.Release|Win32.ActiveCfg = Release|Win32
		{A3A77A64-318E-4F5F-BCC9-D4F690522851}.Release|Win32.Build.0 = Release|Win32
		{A3A77A64-318E-4F5F-BCC9-D4F690522851}.Release|x64.ActiveCfg = Release|x64
		{A3A77A64-318E-4F5F-BCC9-D4F690522851}.Release|x64.Build.0 = Release|x64
		{00A19862-A352-4450-9E63-6D196280B8DE}.Debug|Win32.ActiveCfg = Debug|Win32
		{00A19862-A352-4450-9E63-6D196280B8DE}.Debug|Win32.Build.0 = Debug|Win32
		{00A19862-A352-4450-9E63-6D196280B8DE}.Debug|x64.ActiveCfg = Debug|x64
		{00A19862-A352-4450-9E63-6D196280B8DE}.Debug|x64.Build.0 = Debug|x64
		{00A19862-A352-4450-9E63-6D196280B8DE}.Release|Win32.ActiveCfg = Release|Win32
		{00A19862-A352-4450-9E63-6D196280B8DE}.Release|Win32.Build.0 = Release|Win32
		{00A19862-A352-4450-9E63-6D196280B8DE}.Release|x64.ActiveCfg = Release|x64
		{00A19862-A352-4450-9E63-6D196280B8DE}.Release|x64.Build.0 = Release|x64
		{7F56C690-E138-4336-A623-34629926B8A3}.Debug|Win32.ActiveCfg = Debug|Win32
		{7F56C690-E138-4336-A623-34629926B8A3}.Debug|Win32.Build.0 = Debug|Win32
		{7F56C690-E138-4336-A623-34629926B8A3}.Debug|x64.ActiveCfg = Debug|x64
		{7F56C690-E138-4336-A623-34629926B8A3}.Debug|x64.Build.0 = Debug|x64
		{7F56C690-E138-4336-A623-34629926B8A3}.Release|Win32.ActiveCfg = Release|Win32
		{7F56C690-E138-4336-A623-34629926B8A3}.Release|Win32.Build.0 = Release|Win32
		{7F56C690-E138-4336-A623-34629926B8A3}.Release|x64.ActiveCfg = Release|x64
		{7F56C690-E138-4336-A623-34629926B8A3}.Release|x64.Build.0 = Release|x64
		{BF51A1B8-F0A7-4CE9-A5DE-F1486F5499DA}.Debug|Win32.ActiveCfg = Debug|Win32
		{BF51A1B8-F0A7-4CE9-A5DE-F1486F5499DA}.Debug|Win32.Build.0 = Debug|Win32
		{BF51A1B8-F0A7-4CE9-A5DE-F1486F5499DA}.Debug|x64.ActiveCfg = Debug|x64
		{BF51A1B8-F0A7-4CE9-A5DE-F1486F5499DA}.Debug|x64.Build.0 = Debug|x64
		{BF51A1B8-F0A7-4CE9-A5DE-F1486F5499DA}.Release|Win32.ActiveCfg = Release|Win32
		{BF51A1B8-F0A7-4CE9-A5DE-F1486F5499DA}.Release|Win32.Build.0 = Release|Win32
		{BF51A1B8-F0A7-4CE9-A5DE-F1486F5499DA}.Release|x64.ActiveCfg = Release|x64
		{BF51A1B8-F0A7-4CE9-A5DE-F1486F5499DA}.Release|x64.Build.0 = Release|x64
		{7A21BEF4-B1EA-4921-B6E7-D29B15718593}.Debug|Win32.ActiveCfg = Debug|Win32
		{7A21BEF4-B1EA-4921-B6E7-D29B15718593}.Debug|Win32.Build.0 = Debug|Win32
		{7A21BEF4-B1EA-4921-B6E7-D29B15718593}.Debug|x64.ActiveCfg = Debug|x64
		{7A21BEF4-B1EA-4921-B6E7-D29B15718593}.Debug|x64.Build.0 = Debug|x64
		{7A21BEF4-B1EA-4921-B6E7-D29B15718593}.Release|Win32.ActiveCfg = Release|Win32
		{7A21BEF4-B1EA-4921-B6E7-D29B15718593}.Release|Win32.Build.0 = Release|Win32
		{7A21BEF4-B1EA-4921-B6E7-D29B15718593}.Release|x64.ActiveCfg = Release|x64
		{7A21BEF4-B1EA-4921-B6E7-D29B15718593}.Release|x64.Build.0 = Release|x64
		{8236BBCF-FEB2-4A70-A633-90488EE65D63}.Debug|Win32.ActiveCfg = Debug|Win32
		{8236BBCF-FEB2-4A70-A633-90488EE65D63}.Debug|Win32.Build.0 = Debug|Win32
		{8236BBCF-FEB2-4A70-A633-90488EE65D63}.Debug|x64.ActiveCfg = Debug|x64
		{8236BBCF-FEB2-4A70-A633-90488EE65D63}.Debug|x64.Build.0 = Debug|x64
		{8236BBCF-FEB2-4A70-A633-90488EE65D63}.Release|Win32.ActiveCfg = Release|Win32
		{8236BBCF-FEB2-4A70-A633-90488EE65D63}.Release|Win32.Build.0 = Release|Win32
		{8236BBCF-FEB2-4A70-A633-90488EE65D63}.Release|x64.ActiveCfg = Release|x64
		{8236BBCF-FEB2-4A70-A633-90488EE65D63}.Release|x64.Build.0 = Release|x64
		{D30F8CA9-BAEF-4D43-9D33-7459395089BE}.Debug|Win32.ActiveCfg = Debug|Win32
		{D30F8CA9-BAEF-4D43-9D33-7459395089BE}.Debug|Win32.Build.0 = Debug|Win32
		{D30F8CA9-BAEF-4D43-9D33-7459395089BE}.Debug|x64.ActiveCfg = Debug|x64
		{D30F8CA9-BAEF-4D43-9D33-7459395089BE}.Debug|x64.Build.0 = Debug|x64
		{D30F8CA9-BAEF-4D43-9D33-7459395089BE}.Release|Win32.ActiveCfg = Release|Win32
		{D30F8CA9-BAEF-4D43-9D33-7459395089BE}.Release|Win32.Build.0 = Release|Win32
		{D30F8CA9-BAEF-4D43-9D33-7459395089BE}.Release|x64.ActiveCfg = Release|x64
		{D30F8CA9-BAEF-4D43-9D33-7459395089BE}.Release|x64.Build.0 = Release|x64
		{9D4B8DB7-429A-45D2-9944-8A8EBDCA0F17}.Debug|Win32.ActiveCfg = Debug|Win32
		{9D4B8DB7-429A-45D2-9944-8A8EBDCA0F17}.Debug|Win32.Build.0 = Debug|Win32
		{9D4B8DB7-429A-45D2-9944-8A8EBDCA0F17}.Debug|x64.ActiveCfg = Debug|x64
		{9D4B8DB7-429A-45D2-9944-8A8EBDCA0F17}.Debug|x64.Build.0 = Debug|x64
		{9D4B8DB7-429A-45D2-9944-8A8EBDCA0F17}.Release|Win32.ActiveCfg = Release|Win32
		{9D4B8DB7-429A-45D2-9944-8A8EBDCA0F17}.Release|Win32.Build.0 = Release|Win32
		{9D4B8DB7-429A-45D2-9944-8A8EBDCA0F17}.Release|x64.ActiveCfg = Release|x64
		{9D4B8DB7-429A-45D2-9944-8A8EBDCA0F17}.Release|x64.Build.0 = Release|x64
		{4B8C2AAD-9227-46E0-8787-0DF768469B48}.Debug|Win32.ActiveCfg = Debug|Win32
		{4B8C2AAD-9227-46E0-8787-0DF768469B48}.Debug|Win32.Build.0 = Debug|Win32
		{4B8C2AAD-9227-46E0-8787-0DF768469B48}.Debug|x64.ActiveCfg = Debug|x64
		{4B8C2AAD-9227-46E0-8787-0DF768469B48}.Debug|x64.Build.0 = Debug|x64
		{4B8C2AAD-9227-46E0-8787-0DF768469B48}.Release|Win32.ActiveCfg = Release|Win32
		{4B8C2AAD-9227-46E0-8787-0DF768469B48}.Release|Win32.Build.0 = Release|Win32
		{4B8C2AAD-9227-46E0-8787-0DF768469B48}.Release|x64.ActiveCfg = Release|x64
		{4B8C2AAD-9227-46E0-8787-0DF768469B48}.Release|x64.Build.0 = Release|x64
		{98CF8D47-678D-424A-9B4C-4B6B9622AB0D}.Debug|Win32.ActiveCfg = Debug|Win32
		{98CF8D47-678D-424A-9B4C-4B6B9622AB0D}.Debug|Win32.Build.0 = Debug|Win32
		{98CF8D47-678D-424A-9B4C-4B6B9622AB0D}.Debug|x64.ActiveCfg = Debug|x64
		{98CF8D47-678D-424A-9B4C-4B6B9622AB0D}.Debug|x64.Build.0 = Debug|x64
		{98CF8D47-678D-424A-9B4C-4B6B9622AB0D}.Release|Win32.ActiveCfg = Release|Win32
		{98CF8D47-678D-424A-9B4C-4B6B9622AB0D}.Release|Win32.Build.0 = Release|Win32
		{98CF8D47-678D-424A-9B4C-4B6B9622AB0D}.Release|x64.ActiveCfg = Release|x64
		{98CF8D47-678D-424A-9B4C-4B6B9622AB0D}.Release|x64.Build.0 = Release|x64
	EndGlobalSection
	GlobalSection(SolutionProperties) = preSolution
		HideSolutionNode = FALSE
	EndGlobalSection
	GlobalSection(ExtensibilityGlobals) = postSolution
		SolutionGuid = {A3FDBB92-5467-4481-9D9F-8DBB65065612}
	EndGlobalSection
EndGlobal
